<?xml version="1.0" encoding="utf-8"?>
<Project ToolsVersion="4.0" xmlns="http://schemas.microsoft.com/developer/msbuild/2003">
  <ItemGroup>
    <Filter Include="Source files">
      <UniqueIdentifier>{9a19dd72-8582-4f88-a2bd-2b37b2b89c96}</UniqueIdentifier>
      <Extensions>cpp;c;cc;cxx;def;odl;idl;hpj;bat;asm;asmx</Extensions>
    </Filter>
    <Filter Include="Header files">
      <UniqueIdentifier>{c5449c77-be08-46aa-b9c9-caf6bc69232d}</UniqueIdentifier>
      <Extensions>h;hpp;hxx;hm;inl;inc;xsd</Extensions>
    </Filter>
    <Filter Include="Resource files">
      <UniqueIdentifier>{ef2cd85d-e38f-42fa-92ed-6abeb5100f74}</UniqueIdentifier>
      <Extensions>rc;ico;cur;bmp;dlg;rc2;rct;bin;rgs;gif;jpg;jpeg;jpe;resx;tiff;tif;png;wav</Extensions>
    </Filter>
    <Filter Include="Make files">
      <UniqueIdentifier>{211a4707-29a7-4116-ae53-f424a410599c}</UniqueIdentifier>
      <Extensions>*.mak</Extensions>
    </Filter>
    <Filter Include="Source files\Drivers">
      <UniqueIdentifier>{908bd5c5-05b0-4164-842c-40aacde58a49}</UniqueIdentifier>
    </Filter>
    <Filter Include="Source files\Configuration">
      <UniqueIdentifier>{d6b7afaf-3a74-4ff2-94d9-f69f8426eb4a}</UniqueIdentifier>
    </Filter>
    <Filter Include="Header files\Drivers">
      <UniqueIdentifier>{1394e217-16d6-4fc7-a75a-075b4e188ef9}</UniqueIdentifier>
    </Filter>
    <Filter Include="Header files\Configuration">
      <UniqueIdentifier>{fe195bdc-23f4-4459-bad4-dc5a8c70b9bb}</UniqueIdentifier>
    </Filter>
  </ItemGroup>
  <ItemGroup>
    <ClCompile Include="LEDBlink.c">
      <Filter>Source files</Filter>
    </ClCompile>
    <ClCompile Include="..\Drivers\STM32F4xxxx-HAL\startup_stm32f4xx.c">
      <Filter>Source files\Drivers</Filter>
    </ClCompile>
    <ClCompile Include="..\Drivers\STM32F4xxxx-HAL\CMSIS\Device\ST\STM32F4xx\Source\Templates\system_stm32f4xx.c">
      <Filter>Source files\Drivers</Filter>
    </ClCompile>
    <ClCompile Include="..\Drivers\STM32F4xxxx-HAL\STM32F4xx_HAL_Driver\Src\stm32f4xx_hal.c">
      <Filter>Source files\Drivers</Filter>
    </ClCompile>
    <ClCompile Include="..\Drivers\STM32F4xxxx-HAL\STM32F4xx_HAL_Driver\Src\stm32f4xx_hal_adc.c">
      <Filter>Source files\Drivers</Filter>
    </ClCompile>
    <ClCompile Include="..\Drivers\STM32F4xxxx-HAL\STM32F4xx_HAL_Driver\Src\stm32f4xx_hal_adc_ex.c">
      <Filter>Source files\Drivers</Filter>
    </ClCompile>
    <ClCompile Include="..\Drivers\STM32F4xxxx-HAL\STM32F4xx_HAL_Driver\Src\stm32f4xx_hal_can.c">
      <Filter>Source files\Drivers</Filter>
    </ClCompile>
    <ClCompile Include="..\Drivers\STM32F4xxxx-HAL\STM32F4xx_HAL_Driver\Src\stm32f4xx_hal_cortex.c">
      <Filter>Source files\Drivers</Filter>
    </ClCompile>
    <ClCompile Include="..\Drivers\STM32F4xxxx-HAL\STM32F4xx_HAL_Driver\Src\stm32f4xx_hal_crc.c">
      <Filter>Source files\Drivers</Filter>
    </ClCompile>
    <ClCompile Include="..\Drivers\STM32F4xxxx-HAL\STM32F4xx_HAL_Driver\Src\stm32f4xx_hal_cryp.c">
      <Filter>Source files\Drivers</Filter>
    </ClCompile>
    <ClCompile Include="..\Drivers\STM32F4xxxx-HAL\STM32F4xx_HAL_Driver\Src\stm32f4xx_hal_cryp_ex.c">
      <Filter>Source files\Drivers</Filter>
    </ClCompile>
    <ClCompile Include="..\Drivers\STM32F4xxxx-HAL\STM32F4xx_HAL_Driver\Src\stm32f4xx_hal_dac.c">
      <Filter>Source files\Drivers</Filter>
    </ClCompile>
    <ClCompile Include="..\Drivers\STM32F4xxxx-HAL\STM32F4xx_HAL_Driver\Src\stm32f4xx_hal_dac_ex.c">
      <Filter>Source files\Drivers</Filter>
    </ClCompile>
    <ClCompile Include="..\Drivers\STM32F4xxxx-HAL\STM32F4xx_HAL_Driver\Src\stm32f4xx_hal_dcmi.c">
      <Filter>Source files\Drivers</Filter>
    </ClCompile>
    <ClCompile Include="..\Drivers\STM32F4xxxx-HAL\STM32F4xx_HAL_Driver\Src\stm32f4xx_hal_dma.c">
      <Filter>Source files\Drivers</Filter>
    </ClCompile>
    <ClCompile Include="..\Drivers\STM32F4xxxx-HAL\STM32F4xx_HAL_Driver\Src\stm32f4xx_hal_dma2d.c">
      <Filter>Source files\Drivers</Filter>
    </ClCompile>
    <ClCompile Include="..\Drivers\STM32F4xxxx-HAL\STM32F4xx_HAL_Driver\Src\stm32f4xx_hal_dma_ex.c">
      <Filter>Source files\Drivers</Filter>
    </ClCompile>
    <ClCompile Include="..\Drivers\STM32F4xxxx-HAL\STM32F4xx_HAL_Driver\Src\stm32f4xx_hal_eth.c">
      <Filter>Source files\Drivers</Filter>
    </ClCompile>
    <ClCompile Include="..\Drivers\STM32F4xxxx-HAL\STM32F4xx_HAL_Driver\Src\stm32f4xx_hal_flash.c">
      <Filter>Source files\Drivers</Filter>
    </ClCompile>
    <ClCompile Include="..\Drivers\STM32F4xxxx-HAL\STM32F4xx_HAL_Driver\Src\stm32f4xx_hal_flash_ex.c">
      <Filter>Source files\Drivers</Filter>
    </ClCompile>
    <ClCompile Include="..\Drivers\STM32F4xxxx-HAL\STM32F4xx_HAL_Driver\Src\stm32f4xx_hal_flash_ramfunc.c">
      <Filter>Source files\Drivers</Filter>
    </ClCompile>
    <ClCompile Include="..\Drivers\STM32F4xxxx-HAL\STM32F4xx_HAL_Driver\Src\stm32f4xx_hal_gpio.c">
      <Filter>Source files\Drivers</Filter>
    </ClCompile>
    <ClCompile Include="..\Drivers\STM32F4xxxx-HAL\STM32F4xx_HAL_Driver\Src\stm32f4xx_hal_hash.c">
      <Filter>Source files\Drivers</Filter>
    </ClCompile>
    <ClCompile Include="..\Drivers\STM32F4xxxx-HAL\STM32F4xx_HAL_Driver\Src\stm32f4xx_hal_hash_ex.c">
      <Filter>Source files\Drivers</Filter>
    </ClCompile>
    <ClCompile Include="..\Drivers\STM32F4xxxx-HAL\STM32F4xx_HAL_Driver\Src\stm32f4xx_hal_hcd.c">
      <Filter>Source files\Drivers</Filter>
    </ClCompile>
    <ClCompile Include="..\Drivers\STM32F4xxxx-HAL\STM32F4xx_HAL_Driver\Src\stm32f4xx_hal_i2c.c">
      <Filter>Source files\Drivers</Filter>
    </ClCompile>
    <ClCompile Include="..\Drivers\STM32F4xxxx-HAL\STM32F4xx_HAL_Driver\Src\stm32f4xx_hal_i2c_ex.c">
      <Filter>Source files\Drivers</Filter>
    </ClCompile>
    <ClCompile Include="..\Drivers\STM32F4xxxx-HAL\STM32F4xx_HAL_Driver\Src\stm32f4xx_hal_i2s.c">
      <Filter>Source files\Drivers</Filter>
    </ClCompile>
    <ClCompile Include="..\Drivers\STM32F4xxxx-HAL\STM32F4xx_HAL_Driver\Src\stm32f4xx_hal_i2s_ex.c">
      <Filter>Source files\Drivers</Filter>
    </ClCompile>
    <ClCompile Include="..\Drivers\STM32F4xxxx-HAL\STM32F4xx_HAL_Driver\Src\stm32f4xx_hal_irda.c">
      <Filter>Source files\Drivers</Filter>
    </ClCompile>
    <ClCompile Include="..\Drivers\STM32F4xxxx-HAL\STM32F4xx_HAL_Driver\Src\stm32f4xx_hal_iwdg.c">
      <Filter>Source files\Drivers</Filter>
    </ClCompile>
    <ClCompile Include="..\Drivers\STM32F4xxxx-HAL\STM32F4xx_HAL_Driver\Src\stm32f4xx_hal_ltdc.c">
      <Filter>Source files\Drivers</Filter>
    </ClCompile>
    <ClCompile Include="..\Drivers\STM32F4xxxx-HAL\STM32F4xx_HAL_Driver\Src\stm32f4xx_hal_msp_template.c">
      <Filter>Source files\Drivers</Filter>
    </ClCompile>
    <ClCompile Include="..\Drivers\STM32F4xxxx-HAL\STM32F4xx_HAL_Driver\Src\stm32f4xx_hal_nand.c">
      <Filter>Source files\Drivers</Filter>
    </ClCompile>
    <ClCompile Include="..\Drivers\STM32F4xxxx-HAL\STM32F4xx_HAL_Driver\Src\stm32f4xx_hal_nor.c">
      <Filter>Source files\Drivers</Filter>
    </ClCompile>
    <ClCompile Include="..\Drivers\STM32F4xxxx-HAL\STM32F4xx_HAL_Driver\Src\stm32f4xx_hal_pccard.c">
      <Filter>Source files\Drivers</Filter>
    </ClCompile>
    <ClCompile Include="..\Drivers\STM32F4xxxx-HAL\STM32F4xx_HAL_Driver\Src\stm32f4xx_hal_pcd.c">
      <Filter>Source files\Drivers</Filter>
    </ClCompile>
    <ClCompile Include="..\Drivers\STM32F4xxxx-HAL\STM32F4xx_HAL_Driver\Src\stm32f4xx_hal_pcd_ex.c">
      <Filter>Source files\Drivers</Filter>
    </ClCompile>
    <ClCompile Include="..\Drivers\STM32F4xxxx-HAL\STM32F4xx_HAL_Driver\Src\stm32f4xx_hal_pwr.c">
      <Filter>Source files\Drivers</Filter>
    </ClCompile>
    <ClCompile Include="..\Drivers\STM32F4xxxx-HAL\STM32F4xx_HAL_Driver\Src\stm32f4xx_hal_pwr_ex.c">
      <Filter>Source files\Drivers</Filter>
    </ClCompile>
    <ClCompile Include="..\Drivers\STM32F4xxxx-HAL\STM32F4xx_HAL_Driver\Src\stm32f4xx_hal_rcc.c">
      <Filter>Source files\Drivers</Filter>
    </ClCompile>
    <ClCompile Include="..\Drivers\STM32F4xxxx-HAL\STM32F4xx_HAL_Driver\Src\stm32f4xx_hal_rcc_ex.c">
      <Filter>Source files\Drivers</Filter>
    </ClCompile>
    <ClCompile Include="..\Drivers\STM32F4xxxx-HAL\STM32F4xx_HAL_Driver\Src\stm32f4xx_hal_rng.c">
      <Filter>Source files\Drivers</Filter>
    </ClCompile>
    <ClCompile Include="..\Drivers\STM32F4xxxx-HAL\STM32F4xx_HAL_Driver\Src\stm32f4xx_hal_rtc.c">
      <Filter>Source files\Drivers</Filter>
    </ClCompile>
    <ClCompile Include="..\Drivers\STM32F4xxxx-HAL\STM32F4xx_HAL_Driver\Src\stm32f4xx_hal_rtc_ex.c">
      <Filter>Source files\Drivers</Filter>
    </ClCompile>
    <ClCompile Include="..\Drivers\STM32F4xxxx-HAL\STM32F4xx_HAL_Driver\Src\stm32f4xx_hal_sai.c">
      <Filter>Source files\Drivers</Filter>
    </ClCompile>
    <ClCompile Include="..\Drivers\STM32F4xxxx-HAL\STM32F4xx_HAL_Driver\Src\stm32f4xx_hal_sd.c">
      <Filter>Source files\Drivers</Filter>
    </ClCompile>
    <ClCompile Include="..\Drivers\STM32F4xxxx-HAL\STM32F4xx_HAL_Driver\Src\stm32f4xx_hal_sdram.c">
      <Filter>Source files\Drivers</Filter>
    </ClCompile>
    <ClCompile Include="..\Drivers\STM32F4xxxx-HAL\STM32F4xx_HAL_Driver\Src\stm32f4xx_hal_smartcard.c">
      <Filter>Source files\Drivers</Filter>
    </ClCompile>
    <ClCompile Include="..\Drivers\STM32F4xxxx-HAL\STM32F4xx_HAL_Driver\Src\stm32f4xx_hal_spi.c">
      <Filter>Source files\Drivers</Filter>
    </ClCompile>
    <ClCompile Include="..\Drivers\STM32F4xxxx-HAL\STM32F4xx_HAL_Driver\Src\stm32f4xx_hal_sram.c">
      <Filter>Source files\Drivers</Filter>
    </ClCompile>
    <ClCompile Include="..\Drivers\STM32F4xxxx-HAL\STM32F4xx_HAL_Driver\Src\stm32f4xx_hal_tim.c">
      <Filter>Source files\Drivers</Filter>
    </ClCompile>
    <ClCompile Include="..\Drivers\STM32F4xxxx-HAL\STM32F4xx_HAL_Driver\Src\stm32f4xx_hal_tim_ex.c">
      <Filter>Source files\Drivers</Filter>
    </ClCompile>
    <ClCompile Include="..\Drivers\STM32F4xxxx-HAL\STM32F4xx_HAL_Driver\Src\stm32f4xx_hal_uart.c">
      <Filter>Source files\Drivers</Filter>
    </ClCompile>
    <ClCompile Include="..\Drivers\STM32F4xxxx-HAL\STM32F4xx_HAL_Driver\Src\stm32f4xx_hal_usart.c">
      <Filter>Source files\Drivers</Filter>
    </ClCompile>
    <ClCompile Include="..\Drivers\STM32F4xxxx-HAL\STM32F4xx_HAL_Driver\Src\stm32f4xx_hal_wwdg.c">
      <Filter>Source files\Drivers</Filter>
    </ClCompile>
    <ClCompile Include="..\Drivers\STM32F4xxxx-HAL\STM32F4xx_HAL_Driver\Src\stm32f4xx_ll_fmc.c">
      <Filter>Source files\Drivers</Filter>
    </ClCompile>
    <ClCompile Include="..\Drivers\STM32F4xxxx-HAL\STM32F4xx_HAL_Driver\Src\stm32f4xx_ll_fsmc.c">
      <Filter>Source files\Drivers</Filter>
    </ClCompile>
    <ClCompile Include="..\Drivers\STM32F4xxxx-HAL\STM32F4xx_HAL_Driver\Src\stm32f4xx_ll_sdmmc.c">
      <Filter>Source files\Drivers</Filter>
    </ClCompile>
    <ClCompile Include="..\Drivers\STM32F4xxxx-HAL\STM32F4xx_HAL_Driver\Src\stm32f4xx_ll_usb.c">
      <Filter>Source files\Drivers</Filter>
    </ClCompile>
    <ClCompile Include="..\Configuration\Src\adc.c">
      <Filter>Source files\Configuration</Filter>
    </ClCompile>
    <ClCompile Include="..\Configuration\Src\gpio.c">
      <Filter>Source files\Configuration</Filter>
    </ClCompile>
    <ClCompile Include="..\Configuration\Src\i2c.c">
      <Filter>Source files\Configuration</Filter>
    </ClCompile>
    <ClCompile Include="..\Configuration\Src\main.c">
      <Filter>Source files\Configuration</Filter>
    </ClCompile>
    <ClCompile Include="..\Configuration\Src\spi.c">
      <Filter>Source files\Configuration</Filter>
    </ClCompile>
    <ClCompile Include="..\Configuration\Src\stm32f4xx_it.c">
      <Filter>Source files\Configuration</Filter>
    </ClCompile>
    <ClCompile Include="..\Configuration\Src\tim.c">
      <Filter>Source files\Configuration</Filter>
    </ClCompile>
    <ClCompile Include="..\Configuration\Src\usart.c">
      <Filter>Source files\Configuration</Filter>
    </ClCompile>
    <ClCompile Include="..\Configuration\Src\usb_otg.c">
      <Filter>Source files\Configuration</Filter>
    </ClCompile>
  </ItemGroup>
  <ItemGroup>
    <ClInclude Include="..\Drivers\STM32F4xxxx-HAL\CMSIS\Device\ST\STM32F4xx\Include\stm32f401xc.h">
      <Filter>Header files\Drivers</Filter>
    </ClInclude>
    <ClInclude Include="..\Drivers\STM32F4xxxx-HAL\CMSIS\Device\ST\STM32F4xx\Include\stm32f401xe.h">
      <Filter>Header files\Drivers</Filter>
    </ClInclude>
    <ClInclude Include="..\Drivers\STM32F4xxxx-HAL\CMSIS\Device\ST\STM32F4xx\Include\stm32f405xx.h">
      <Filter>Header files\Drivers</Filter>
    </ClInclude>
    <ClInclude Include="..\Drivers\STM32F4xxxx-HAL\CMSIS\Device\ST\STM32F4xx\Include\stm32f407xx.h">
      <Filter>Header files\Drivers</Filter>
    </ClInclude>
    <ClInclude Include="..\Drivers\STM32F4xxxx-HAL\CMSIS\Device\ST\STM32F4xx\Include\stm32f411xe.h">
      <Filter>Header files\Drivers</Filter>
    </ClInclude>
    <ClInclude Include="..\Drivers\STM32F4xxxx-HAL\CMSIS\Device\ST\STM32F4xx\Include\stm32f415xx.h">
      <Filter>Header files\Drivers</Filter>
    </ClInclude>
    <ClInclude Include="..\Drivers\STM32F4xxxx-HAL\CMSIS\Device\ST\STM32F4xx\Include\stm32f417xx.h">
      <Filter>Header files\Drivers</Filter>
    </ClInclude>
    <ClInclude Include="..\Drivers\STM32F4xxxx-HAL\CMSIS\Device\ST\STM32F4xx\Include\stm32f427xx.h">
      <Filter>Header files\Drivers</Filter>
    </ClInclude>
    <ClInclude Include="..\Drivers\STM32F4xxxx-HAL\CMSIS\Device\ST\STM32F4xx\Include\stm32f429xx.h">
      <Filter>Header files\Drivers</Filter>
    </ClInclude>
    <ClInclude Include="..\Drivers\STM32F4xxxx-HAL\CMSIS\Device\ST\STM32F4xx\Include\stm32f437xx.h">
      <Filter>Header files\Drivers</Filter>
    </ClInclude>
    <ClInclude Include="..\Drivers\STM32F4xxxx-HAL\CMSIS\Device\ST\STM32F4xx\Include\stm32f439xx.h">
      <Filter>Header files\Drivers</Filter>
    </ClInclude>
    <ClInclude Include="..\Drivers\STM32F4xxxx-HAL\CMSIS\Device\ST\STM32F4xx\Include\stm32f4xx.h">
      <Filter>Header files\Drivers</Filter>
    </ClInclude>
    <ClInclude Include="..\Drivers\STM32F4xxxx-HAL\CMSIS\Device\ST\STM32F4xx\Include\system_stm32f4xx.h">
      <Filter>Header files\Drivers</Filter>
    </ClInclude>
    <ClInclude Include="..\Drivers\STM32F4xxxx-HAL\CMSIS\Include\arm_common_tables.h">
      <Filter>Header files\Drivers</Filter>
    </ClInclude>
    <ClInclude Include="..\Drivers\STM32F4xxxx-HAL\CMSIS\Include\arm_const_structs.h">
      <Filter>Header files\Drivers</Filter>
    </ClInclude>
    <ClInclude Include="..\Drivers\STM32F4xxxx-HAL\CMSIS\Include\arm_math.h">
      <Filter>Header files\Drivers</Filter>
    </ClInclude>
    <ClInclude Include="..\Drivers\STM32F4xxxx-HAL\CMSIS\Include\core_cm0.h">
      <Filter>Header files\Drivers</Filter>
    </ClInclude>
    <ClInclude Include="..\Drivers\STM32F4xxxx-HAL\CMSIS\Include\core_cm0plus.h">
      <Filter>Header files\Drivers</Filter>
    </ClInclude>
    <ClInclude Include="..\Drivers\STM32F4xxxx-HAL\CMSIS\Include\core_cm3.h">
      <Filter>Header files\Drivers</Filter>
    </ClInclude>
    <ClInclude Include="..\Drivers\STM32F4xxxx-HAL\CMSIS\Include\core_cm4.h">
      <Filter>Header files\Drivers</Filter>
    </ClInclude>
    <ClInclude Include="..\Drivers\STM32F4xxxx-HAL\CMSIS\Include\core_cm4_simd.h">
      <Filter>Header files\Drivers</Filter>
    </ClInclude>
    <ClInclude Include="..\Drivers\STM32F4xxxx-HAL\CMSIS\Include\core_cmFunc.h">
      <Filter>Header files\Drivers</Filter>
    </ClInclude>
    <ClInclude Include="..\Drivers\STM32F4xxxx-HAL\CMSIS\Include\core_cmInstr.h">
      <Filter>Header files\Drivers</Filter>
    </ClInclude>
    <ClInclude Include="..\Drivers\STM32F4xxxx-HAL\CMSIS\Include\core_sc000.h">
      <Filter>Header files\Drivers</Filter>
    </ClInclude>
    <ClInclude Include="..\Drivers\STM32F4xxxx-HAL\CMSIS\Include\core_sc300.h">
      <Filter>Header files\Drivers</Filter>
    </ClInclude>
    <ClInclude Include="..\Drivers\STM32F4xxxx-HAL\CMSIS\RTOS\cmsis_os.h">
      <Filter>Header files\Drivers</Filter>
    </ClInclude>
    <ClInclude Include="..\Drivers\STM32F4xxxx-HAL\STM32F4xx_HAL_Driver\Inc\stm32f4xx_hal.h">
      <Filter>Header files\Drivers</Filter>
    </ClInclude>
    <ClInclude Include="..\Drivers\STM32F4xxxx-HAL\STM32F4xx_HAL_Driver\Inc\stm32f4xx_hal_adc.h">
      <Filter>Header files\Drivers</Filter>
    </ClInclude>
    <ClInclude Include="..\Drivers\STM32F4xxxx-HAL\STM32F4xx_HAL_Driver\Inc\stm32f4xx_hal_adc_ex.h">
      <Filter>Header files\Drivers</Filter>
    </ClInclude>
    <ClInclude Include="..\Drivers\STM32F4xxxx-HAL\STM32F4xx_HAL_Driver\Inc\stm32f4xx_hal_can.h">
      <Filter>Header files\Drivers</Filter>
    </ClInclude>
    <ClInclude Include="..\Drivers\STM32F4xxxx-HAL\STM32F4xx_HAL_Driver\Inc\stm32f4xx_hal_conf_template.h">
      <Filter>Header files\Drivers</Filter>
    </ClInclude>
    <ClInclude Include="..\Drivers\STM32F4xxxx-HAL\STM32F4xx_HAL_Driver\Inc\stm32f4xx_hal_cortex.h">
      <Filter>Header files\Drivers</Filter>
    </ClInclude>
    <ClInclude Include="..\Drivers\STM32F4xxxx-HAL\STM32F4xx_HAL_Driver\Inc\stm32f4xx_hal_crc.h">
      <Filter>Header files\Drivers</Filter>
    </ClInclude>
    <ClInclude Include="..\Drivers\STM32F4xxxx-HAL\STM32F4xx_HAL_Driver\Inc\stm32f4xx_hal_cryp.h">
      <Filter>Header files\Drivers</Filter>
    </ClInclude>
    <ClInclude Include="..\Drivers\STM32F4xxxx-HAL\STM32F4xx_HAL_Driver\Inc\stm32f4xx_hal_cryp_ex.h">
      <Filter>Header files\Drivers</Filter>
    </ClInclude>
    <ClInclude Include="..\Drivers\STM32F4xxxx-HAL\STM32F4xx_HAL_Driver\Inc\stm32f4xx_hal_dac.h">
      <Filter>Header files\Drivers</Filter>
    </ClInclude>
    <ClInclude Include="..\Drivers\STM32F4xxxx-HAL\STM32F4xx_HAL_Driver\Inc\stm32f4xx_hal_dac_ex.h">
      <Filter>Header files\Drivers</Filter>
    </ClInclude>
    <ClInclude Include="..\Drivers\STM32F4xxxx-HAL\STM32F4xx_HAL_Driver\Inc\stm32f4xx_hal_dcmi.h">
      <Filter>Header files\Drivers</Filter>
    </ClInclude>
    <ClInclude Include="..\Drivers\STM32F4xxxx-HAL\STM32F4xx_HAL_Driver\Inc\stm32f4xx_hal_def.h">
      <Filter>Header files\Drivers</Filter>
    </ClInclude>
    <ClInclude Include="..\Drivers\STM32F4xxxx-HAL\STM32F4xx_HAL_Driver\Inc\stm32f4xx_hal_dma.h">
      <Filter>Header files\Drivers</Filter>
    </ClInclude>
    <ClInclude Include="..\Drivers\STM32F4xxxx-HAL\STM32F4xx_HAL_Driver\Inc\stm32f4xx_hal_dma2d.h">
      <Filter>Header files\Drivers</Filter>
    </ClInclude>
    <ClInclude Include="..\Drivers\STM32F4xxxx-HAL\STM32F4xx_HAL_Driver\Inc\stm32f4xx_hal_dma_ex.h">
      <Filter>Header files\Drivers</Filter>
    </ClInclude>
    <ClInclude Include="..\Drivers\STM32F4xxxx-HAL\STM32F4xx_HAL_Driver\Inc\stm32f4xx_hal_eth.h">
      <Filter>Header files\Drivers</Filter>
    </ClInclude>
    <ClInclude Include="..\Drivers\STM32F4xxxx-HAL\STM32F4xx_HAL_Driver\Inc\stm32f4xx_hal_flash.h">
      <Filter>Header files\Drivers</Filter>
    </ClInclude>
    <ClInclude Include="..\Drivers\STM32F4xxxx-HAL\STM32F4xx_HAL_Driver\Inc\stm32f4xx_hal_flash_ex.h">
      <Filter>Header files\Drivers</Filter>
    </ClInclude>
    <ClInclude Include="..\Drivers\STM32F4xxxx-HAL\STM32F4xx_HAL_Driver\Inc\stm32f4xx_hal_flash_ramfunc.h">
      <Filter>Header files\Drivers</Filter>
    </ClInclude>
    <ClInclude Include="..\Drivers\STM32F4xxxx-HAL\STM32F4xx_HAL_Driver\Inc\stm32f4xx_hal_gpio.h">
      <Filter>Header files\Drivers</Filter>
    </ClInclude>
    <ClInclude Include="..\Drivers\STM32F4xxxx-HAL\STM32F4xx_HAL_Driver\Inc\stm32f4xx_hal_gpio_ex.h">
      <Filter>Header files\Drivers</Filter>
    </ClInclude>
    <ClInclude Include="..\Drivers\STM32F4xxxx-HAL\STM32F4xx_HAL_Driver\Inc\stm32f4xx_hal_hash.h">
      <Filter>Header files\Drivers</Filter>
    </ClInclude>
    <ClInclude Include="..\Drivers\STM32F4xxxx-HAL\STM32F4xx_HAL_Driver\Inc\stm32f4xx_hal_hash_ex.h">
      <Filter>Header files\Drivers</Filter>
    </ClInclude>
    <ClInclude Include="..\Drivers\STM32F4xxxx-HAL\STM32F4xx_HAL_Driver\Inc\stm32f4xx_hal_hcd.h">
      <Filter>Header files\Drivers</Filter>
    </ClInclude>
    <ClInclude Include="..\Drivers\STM32F4xxxx-HAL\STM32F4xx_HAL_Driver\Inc\stm32f4xx_hal_i2c.h">
      <Filter>Header files\Drivers</Filter>
    </ClInclude>
    <ClInclude Include="..\Drivers\STM32F4xxxx-HAL\STM32F4xx_HAL_Driver\Inc\stm32f4xx_hal_i2c_ex.h">
      <Filter>Header files\Drivers</Filter>
    </ClInclude>
    <ClInclude Include="..\Drivers\STM32F4xxxx-HAL\STM32F4xx_HAL_Driver\Inc\stm32f4xx_hal_i2s.h">
      <Filter>Header files\Drivers</Filter>
    </ClInclude>
    <ClInclude Include="..\Drivers\STM32F4xxxx-HAL\STM32F4xx_HAL_Driver\Inc\stm32f4xx_hal_i2s_ex.h">
      <Filter>Header files\Drivers</Filter>
    </ClInclude>
    <ClInclude Include="..\Drivers\STM32F4xxxx-HAL\STM32F4xx_HAL_Driver\Inc\stm32f4xx_hal_irda.h">
      <Filter>Header files\Drivers</Filter>
    </ClInclude>
    <ClInclude Include="..\Drivers\STM32F4xxxx-HAL\STM32F4xx_HAL_Driver\Inc\stm32f4xx_hal_iwdg.h">
      <Filter>Header files\Drivers</Filter>
    </ClInclude>
    <ClInclude Include="..\Drivers\STM32F4xxxx-HAL\STM32F4xx_HAL_Driver\Inc\stm32f4xx_hal_ltdc.h">
      <Filter>Header files\Drivers</Filter>
    </ClInclude>
    <ClInclude Include="..\Drivers\STM32F4xxxx-HAL\STM32F4xx_HAL_Driver\Inc\stm32f4xx_hal_nand.h">
      <Filter>Header files\Drivers</Filter>
    </ClInclude>
    <ClInclude Include="..\Drivers\STM32F4xxxx-HAL\STM32F4xx_HAL_Driver\Inc\stm32f4xx_hal_nor.h">
      <Filter>Header files\Drivers</Filter>
    </ClInclude>
    <ClInclude Include="..\Drivers\STM32F4xxxx-HAL\STM32F4xx_HAL_Driver\Inc\stm32f4xx_hal_pccard.h">
      <Filter>Header files\Drivers</Filter>
    </ClInclude>
    <ClInclude Include="..\Drivers\STM32F4xxxx-HAL\STM32F4xx_HAL_Driver\Inc\stm32f4xx_hal_pcd.h">
      <Filter>Header files\Drivers</Filter>
    </ClInclude>
    <ClInclude Include="..\Drivers\STM32F4xxxx-HAL\STM32F4xx_HAL_Driver\Inc\stm32f4xx_hal_pcd_ex.h">
      <Filter>Header files\Drivers</Filter>
    </ClInclude>
    <ClInclude Include="..\Drivers\STM32F4xxxx-HAL\STM32F4xx_HAL_Driver\Inc\stm32f4xx_hal_pwr.h">
      <Filter>Header files\Drivers</Filter>
    </ClInclude>
    <ClInclude Include="..\Drivers\STM32F4xxxx-HAL\STM32F4xx_HAL_Driver\Inc\stm32f4xx_hal_pwr_ex.h">
      <Filter>Header files\Drivers</Filter>
    </ClInclude>
    <ClInclude Include="..\Drivers\STM32F4xxxx-HAL\STM32F4xx_HAL_Driver\Inc\stm32f4xx_hal_rcc.h">
      <Filter>Header files\Drivers</Filter>
    </ClInclude>
    <ClInclude Include="..\Drivers\STM32F4xxxx-HAL\STM32F4xx_HAL_Driver\Inc\stm32f4xx_hal_rcc_ex.h">
      <Filter>Header files\Drivers</Filter>
    </ClInclude>
    <ClInclude Include="..\Drivers\STM32F4xxxx-HAL\STM32F4xx_HAL_Driver\Inc\stm32f4xx_hal_rng.h">
      <Filter>Header files\Drivers</Filter>
    </ClInclude>
    <ClInclude Include="..\Drivers\STM32F4xxxx-HAL\STM32F4xx_HAL_Driver\Inc\stm32f4xx_hal_rtc.h">
      <Filter>Header files\Drivers</Filter>
    </ClInclude>
    <ClInclude Include="..\Drivers\STM32F4xxxx-HAL\STM32F4xx_HAL_Driver\Inc\stm32f4xx_hal_rtc_ex.h">
      <Filter>Header files\Drivers</Filter>
    </ClInclude>
    <ClInclude Include="..\Drivers\STM32F4xxxx-HAL\STM32F4xx_HAL_Driver\Inc\stm32f4xx_hal_sai.h">
      <Filter>Header files\Drivers</Filter>
    </ClInclude>
    <ClInclude Include="..\Drivers\STM32F4xxxx-HAL\STM32F4xx_HAL_Driver\Inc\stm32f4xx_hal_sd.h">
      <Filter>Header files\Drivers</Filter>
    </ClInclude>
    <ClInclude Include="..\Drivers\STM32F4xxxx-HAL\STM32F4xx_HAL_Driver\Inc\stm32f4xx_hal_sdram.h">
      <Filter>Header files\Drivers</Filter>
    </ClInclude>
    <ClInclude Include="..\Drivers\STM32F4xxxx-HAL\STM32F4xx_HAL_Driver\Inc\stm32f4xx_hal_smartcard.h">
      <Filter>Header files\Drivers</Filter>
    </ClInclude>
    <ClInclude Include="..\Drivers\STM32F4xxxx-HAL\STM32F4xx_HAL_Driver\Inc\stm32f4xx_hal_spi.h">
      <Filter>Header files\Drivers</Filter>
    </ClInclude>
    <ClInclude Include="..\Drivers\STM32F4xxxx-HAL\STM32F4xx_HAL_Driver\Inc\stm32f4xx_hal_sram.h">
      <Filter>Header files\Drivers</Filter>
    </ClInclude>
    <ClInclude Include="..\Drivers\STM32F4xxxx-HAL\STM32F4xx_HAL_Driver\Inc\stm32f4xx_hal_tim.h">
      <Filter>Header files\Drivers</Filter>
    </ClInclude>
    <ClInclude Include="..\Drivers\STM32F4xxxx-HAL\STM32F4xx_HAL_Driver\Inc\stm32f4xx_hal_tim_ex.h">
      <Filter>Header files\Drivers</Filter>
    </ClInclude>
    <ClInclude Include="..\Drivers\STM32F4xxxx-HAL\STM32F4xx_HAL_Driver\Inc\stm32f4xx_hal_uart.h">
      <Filter>Header files\Drivers</Filter>
    </ClInclude>
    <ClInclude Include="..\Drivers\STM32F4xxxx-HAL\STM32F4xx_HAL_Driver\Inc\stm32f4xx_hal_usart.h">
      <Filter>Header files\Drivers</Filter>
    </ClInclude>
    <ClInclude Include="..\Drivers\STM32F4xxxx-HAL\STM32F4xx_HAL_Driver\Inc\stm32f4xx_hal_wwdg.h">
      <Filter>Header files\Drivers</Filter>
    </ClInclude>
    <ClInclude Include="..\Drivers\STM32F4xxxx-HAL\STM32F4xx_HAL_Driver\Inc\stm32f4xx_ll_fmc.h">
      <Filter>Header files\Drivers</Filter>
    </ClInclude>
    <ClInclude Include="..\Drivers\STM32F4xxxx-HAL\STM32F4xx_HAL_Driver\Inc\stm32f4xx_ll_fsmc.h">
      <Filter>Header files\Drivers</Filter>
    </ClInclude>
    <ClInclude Include="..\Drivers\STM32F4xxxx-HAL\STM32F4xx_HAL_Driver\Inc\stm32f4xx_ll_sdmmc.h">
      <Filter>Header files\Drivers</Filter>
    </ClInclude>
    <ClInclude Include="..\Drivers\STM32F4xxxx-HAL\STM32F4xx_HAL_Driver\Inc\stm32f4xx_ll_usb.h">
      <Filter>Header files\Drivers</Filter>
    </ClInclude>
    <ClInclude Include="..\Configuration\Inc\adc.h">
      <Filter>Header files\Configuration</Filter>
    </ClInclude>
    <ClInclude Include="..\Configuration\Inc\gpio.h">
      <Filter>Header files\Configuration</Filter>
    </ClInclude>
    <ClInclude Include="..\Configuration\Inc\i2c.h">
      <Filter>Header files\Configuration</Filter>
    </ClInclude>
    <ClInclude Include="..\Configuration\Inc\spi.h">
      <Filter>Header files\Configuration</Filter>
    </ClInclude>
    <ClInclude Include="..\Configuration\Inc\stm32f4xx_hal_conf.h">
      <Filter>Header files\Configuration</Filter>
    </ClInclude>
    <ClInclude Include="..\Configuration\Inc\stm32f4xx_it.h">
      <Filter>Header files\Configuration</Filter>
    </ClInclude>
    <ClInclude Include="..\Configuration\Inc\tim.h">
      <Filter>Header files\Configuration</Filter>
    </ClInclude>
    <ClInclude Include="..\Configuration\Inc\usart.h">
      <Filter>Header files\Configuration</Filter>
    </ClInclude>
    <ClInclude Include="..\Configuration\Inc\usb_otg.h">
      <Filter>Header files\Configuration</Filter>
    </ClInclude>
  </ItemGroup>
  <ItemGroup>
    <None Include="debug.mak">
      <Filter>Make files</Filter>
    </None>
    <None Include="release.mak">
      <Filter>Make files</Filter>
    </None>
    <None Include="Makefile">
      <Filter>Make files</Filter>
    </None>
    <None Include="stm32.mak">
      <Filter>Make files</Filter>
    </None>
  </ItemGroup>
</Project>