#MicroXplorer Configuration settings - do not modify
#Sat Nov 15 14:59:28 CST 2014
ADC1.Channel-0\#ChannelRegularConversion=ADC_CHANNEL_10
ADC1.IPParameters=Channel-0\#ChannelRegularConversion,master,NbrOfConversionFlag
ADC1.NbrOfConversionFlag=1
ADC1.master=1
Dma.Request0=SPI3_RX
Dma.Request1=SPI3_TX
Dma.Request10=USART3_RX
Dma.Request11=USART3_TX
Dma.Request2=SPI4_RX
Dma.Request3=SPI4_TX
Dma.Request4=SPI5_TX
Dma.Request5=SPI5_RX
Dma.Request6=SPI6_RX
Dma.Request7=SPI6_TX
Dma.Request8=SPI1_RX
Dma.Request9=SPI2_RX
Dma.RequestsNb=12
Dma.SPI1_RX.8.Channel=DMA_CHANNEL_3
Dma.SPI1_RX.8.Direction=DMA_PERIPH_TO_MEMORY
Dma.SPI1_RX.8.FIFOMode=DMA_FIFOMODE_DISABLE
Dma.SPI1_RX.8.Instance=DMA2_Stream2
Dma.SPI1_RX.8.MemDataAlignment=DMA_MDATAALIGN_BYTE
Dma.SPI1_RX.8.MemInc=DMA_MINC_ENABLE
Dma.SPI1_RX.8.Mode=DMA_NORMAL
Dma.SPI1_RX.8.PeriphDataAlignment=DMA_PDATAALIGN_BYTE
Dma.SPI1_RX.8.PeriphInc=DMA_PINC_DISABLE
Dma.SPI1_RX.8.Priority=DMA_PRIORITY_HIGH
Dma.SPI1_RX.8.RequestParameters=Instance,Channel,Direction,PeriphInc,MemInc,PeriphDataAlignment,MemDataAlignment,Mode,Priority,FIFOMode
Dma.SPI2_RX.9.Channel=DMA_CHANNEL_0
Dma.SPI2_RX.9.Direction=DMA_PERIPH_TO_MEMORY
Dma.SPI2_RX.9.FIFOMode=DMA_FIFOMODE_DISABLE
Dma.SPI2_RX.9.Instance=DMA1_Stream3
Dma.SPI2_RX.9.MemDataAlignment=DMA_MDATAALIGN_BYTE
Dma.SPI2_RX.9.MemInc=DMA_MINC_ENABLE
Dma.SPI2_RX.9.Mode=DMA_NORMAL
Dma.SPI2_RX.9.PeriphDataAlignment=DMA_PDATAALIGN_BYTE
Dma.SPI2_RX.9.PeriphInc=DMA_PINC_DISABLE
Dma.SPI2_RX.9.Priority=DMA_PRIORITY_MEDIUM
Dma.SPI2_RX.9.RequestParameters=Instance,Channel,Direction,PeriphInc,MemInc,PeriphDataAlignment,MemDataAlignment,Mode,Priority,FIFOMode
Dma.SPI3_RX.0.Channel=DMA_CHANNEL_0
Dma.SPI3_RX.0.Direction=DMA_PERIPH_TO_MEMORY
Dma.SPI3_RX.0.FIFOMode=DMA_FIFOMODE_DISABLE
Dma.SPI3_RX.0.Instance=DMA1_Stream0
Dma.SPI3_RX.0.MemDataAlignment=DMA_MDATAALIGN_BYTE
Dma.SPI3_RX.0.MemInc=DMA_MINC_ENABLE
Dma.SPI3_RX.0.Mode=DMA_NORMAL
Dma.SPI3_RX.0.PeriphDataAlignment=DMA_PDATAALIGN_BYTE
Dma.SPI3_RX.0.PeriphInc=DMA_PINC_DISABLE
Dma.SPI3_RX.0.Priority=DMA_PRIORITY_MEDIUM
Dma.SPI3_RX.0.RequestParameters=Instance,Channel,Direction,PeriphInc,MemInc,PeriphDataAlignment,MemDataAlignment,Mode,Priority,FIFOMode
Dma.SPI3_TX.1.Channel=DMA_CHANNEL_0
Dma.SPI3_TX.1.Direction=DMA_MEMORY_TO_PERIPH
Dma.SPI3_TX.1.FIFOMode=DMA_FIFOMODE_DISABLE
Dma.SPI3_TX.1.Instance=DMA1_Stream7
Dma.SPI3_TX.1.MemDataAlignment=DMA_MDATAALIGN_BYTE
Dma.SPI3_TX.1.MemInc=DMA_MINC_ENABLE
Dma.SPI3_TX.1.Mode=DMA_NORMAL
Dma.SPI3_TX.1.PeriphDataAlignment=DMA_PDATAALIGN_BYTE
Dma.SPI3_TX.1.PeriphInc=DMA_PINC_DISABLE
Dma.SPI3_TX.1.Priority=DMA_PRIORITY_HIGH
Dma.SPI3_TX.1.RequestParameters=Instance,Channel,Direction,PeriphInc,MemInc,PeriphDataAlignment,MemDataAlignment,Mode,Priority,FIFOMode
Dma.SPI4_RX.2.Channel=DMA_CHANNEL_4
Dma.SPI4_RX.2.Direction=DMA_PERIPH_TO_MEMORY
Dma.SPI4_RX.2.FIFOMode=DMA_FIFOMODE_DISABLE
Dma.SPI4_RX.2.Instance=DMA2_Stream0
Dma.SPI4_RX.2.MemDataAlignment=DMA_MDATAALIGN_BYTE
Dma.SPI4_RX.2.MemInc=DMA_MINC_ENABLE
Dma.SPI4_RX.2.Mode=DMA_NORMAL
Dma.SPI4_RX.2.PeriphDataAlignment=DMA_PDATAALIGN_BYTE
Dma.SPI4_RX.2.PeriphInc=DMA_PINC_DISABLE
Dma.SPI4_RX.2.Priority=DMA_PRIORITY_MEDIUM
Dma.SPI4_RX.2.RequestParameters=Instance,Channel,Direction,PeriphInc,MemInc,PeriphDataAlignment,MemDataAlignment,Mode,Priority,FIFOMode
Dma.SPI4_TX.3.Channel=DMA_CHANNEL_4
Dma.SPI4_TX.3.Direction=DMA_MEMORY_TO_PERIPH
Dma.SPI4_TX.3.FIFOMode=DMA_FIFOMODE_DISABLE
Dma.SPI4_TX.3.Instance=DMA2_Stream1
Dma.SPI4_TX.3.MemDataAlignment=DMA_MDATAALIGN_BYTE
Dma.SPI4_TX.3.MemInc=DMA_MINC_ENABLE
Dma.SPI4_TX.3.Mode=DMA_NORMAL
Dma.SPI4_TX.3.PeriphDataAlignment=DMA_PDATAALIGN_BYTE
Dma.SPI4_TX.3.PeriphInc=DMA_PINC_DISABLE
Dma.SPI4_TX.3.Priority=DMA_PRIORITY_HIGH
Dma.SPI4_TX.3.RequestParameters=Instance,Channel,Direction,PeriphInc,MemInc,PeriphDataAlignment,MemDataAlignment,Mode,Priority,FIFOMode
Dma.SPI5_RX.5.Channel=DMA_CHANNEL_2
Dma.SPI5_RX.5.Direction=DMA_PERIPH_TO_MEMORY
Dma.SPI5_RX.5.FIFOMode=DMA_FIFOMODE_DISABLE
Dma.SPI5_RX.5.Instance=DMA2_Stream3
Dma.SPI5_RX.5.MemDataAlignment=DMA_MDATAALIGN_BYTE
Dma.SPI5_RX.5.MemInc=DMA_MINC_ENABLE
Dma.SPI5_RX.5.Mode=DMA_NORMAL
Dma.SPI5_RX.5.PeriphDataAlignment=DMA_PDATAALIGN_BYTE
Dma.SPI5_RX.5.PeriphInc=DMA_PINC_DISABLE
Dma.SPI5_RX.5.Priority=DMA_PRIORITY_HIGH
Dma.SPI5_RX.5.RequestParameters=Instance,Channel,Direction,PeriphInc,MemInc,PeriphDataAlignment,MemDataAlignment,Mode,Priority,FIFOMode
Dma.SPI5_TX.4.Channel=DMA_CHANNEL_2
Dma.SPI5_TX.4.Direction=DMA_MEMORY_TO_PERIPH
Dma.SPI5_TX.4.FIFOMode=DMA_FIFOMODE_DISABLE
Dma.SPI5_TX.4.Instance=DMA2_Stream4
Dma.SPI5_TX.4.MemDataAlignment=DMA_MDATAALIGN_BYTE
Dma.SPI5_TX.4.MemInc=DMA_MINC_ENABLE
Dma.SPI5_TX.4.Mode=DMA_NORMAL
Dma.SPI5_TX.4.PeriphDataAlignment=DMA_PDATAALIGN_BYTE
Dma.SPI5_TX.4.PeriphInc=DMA_PINC_DISABLE
Dma.SPI5_TX.4.Priority=DMA_PRIORITY_MEDIUM
Dma.SPI5_TX.4.RequestParameters=Instance,Channel,Direction,PeriphInc,MemInc,PeriphDataAlignment,MemDataAlignment,Mode,Priority,FIFOMode
Dma.SPI6_RX.6.Channel=DMA_CHANNEL_1
Dma.SPI6_RX.6.Direction=DMA_PERIPH_TO_MEMORY
Dma.SPI6_RX.6.FIFOMode=DMA_FIFOMODE_DISABLE
Dma.SPI6_RX.6.Instance=DMA2_Stream6
Dma.SPI6_RX.6.MemDataAlignment=DMA_MDATAALIGN_BYTE
Dma.SPI6_RX.6.MemInc=DMA_MINC_ENABLE
Dma.SPI6_RX.6.Mode=DMA_NORMAL
Dma.SPI6_RX.6.PeriphDataAlignment=DMA_PDATAALIGN_BYTE
Dma.SPI6_RX.6.PeriphInc=DMA_PINC_DISABLE
Dma.SPI6_RX.6.Priority=DMA_PRIORITY_HIGH
Dma.SPI6_RX.6.RequestParameters=Instance,Channel,Direction,PeriphInc,MemInc,PeriphDataAlignment,MemDataAlignment,Mode,Priority,FIFOMode
Dma.SPI6_TX.7.Channel=DMA_CHANNEL_1
Dma.SPI6_TX.7.Direction=DMA_MEMORY_TO_PERIPH
Dma.SPI6_TX.7.FIFOMode=DMA_FIFOMODE_DISABLE
Dma.SPI6_TX.7.Instance=DMA2_Stream5
Dma.SPI6_TX.7.MemDataAlignment=DMA_MDATAALIGN_BYTE
Dma.SPI6_TX.7.MemInc=DMA_MINC_ENABLE
Dma.SPI6_TX.7.Mode=DMA_NORMAL
Dma.SPI6_TX.7.PeriphDataAlignment=DMA_PDATAALIGN_BYTE
Dma.SPI6_TX.7.PeriphInc=DMA_PINC_DISABLE
Dma.SPI6_TX.7.Priority=DMA_PRIORITY_MEDIUM
Dma.SPI6_TX.7.RequestParameters=Instance,Channel,Direction,PeriphInc,MemInc,PeriphDataAlignment,MemDataAlignment,Mode,Priority,FIFOMode
Dma.USART3_RX.10.Channel=DMA_CHANNEL_4
Dma.USART3_RX.10.Direction=DMA_PERIPH_TO_MEMORY
Dma.USART3_RX.10.FIFOMode=DMA_FIFOMODE_DISABLE
Dma.USART3_RX.10.Instance=DMA1_Stream1
Dma.USART3_RX.10.MemDataAlignment=DMA_MDATAALIGN_BYTE
Dma.USART3_RX.10.MemInc=DMA_MINC_ENABLE
Dma.USART3_RX.10.Mode=DMA_NORMAL
Dma.USART3_RX.10.PeriphDataAlignment=DMA_PDATAALIGN_BYTE
Dma.USART3_RX.10.PeriphInc=DMA_PINC_DISABLE
Dma.USART3_RX.10.Priority=DMA_PRIORITY_MEDIUM
Dma.USART3_RX.10.RequestParameters=Instance,Channel,Direction,PeriphInc,MemInc,PeriphDataAlignment,MemDataAlignment,Mode,Priority,FIFOMode
Dma.USART3_TX.11.Channel=DMA_CHANNEL_7
Dma.USART3_TX.11.Direction=DMA_MEMORY_TO_PERIPH
Dma.USART3_TX.11.FIFOMode=DMA_FIFOMODE_DISABLE
Dma.USART3_TX.11.Instance=DMA1_Stream4
Dma.USART3_TX.11.MemDataAlignment=DMA_MDATAALIGN_BYTE
Dma.USART3_TX.11.MemInc=DMA_MINC_ENABLE
Dma.USART3_TX.11.Mode=DMA_NORMAL
Dma.USART3_TX.11.PeriphDataAlignment=DMA_PDATAALIGN_BYTE
Dma.USART3_TX.11.PeriphInc=DMA_PINC_DISABLE
Dma.USART3_TX.11.Priority=DMA_PRIORITY_VERY_HIGH
Dma.USART3_TX.11.RequestParameters=Instance,Channel,Direction,PeriphInc,MemInc,PeriphDataAlignment,MemDataAlignment,Mode,Priority,FIFOMode
File.Version=4
KeepUserPlacement=false
Mcu.Family=STM32F4
Mcu.IP0=ADC1
Mcu.IP1=DMA
Mcu.IP10=SPI5
Mcu.IP11=SPI6
Mcu.IP12=SYS
Mcu.IP13=TIM1
Mcu.IP14=TIM3
Mcu.IP15=TIM4
Mcu.IP16=TIM5
Mcu.IP17=TIM6
Mcu.IP18=TIM8
Mcu.IP19=USART3
Mcu.IP2=I2C2
Mcu.IP20=USB_OTG_FS
Mcu.IP3=I2C3
Mcu.IP4=NVIC
Mcu.IP5=RCC
Mcu.IP6=SPI1
Mcu.IP7=SPI2
Mcu.IP8=SPI3
Mcu.IP9=SPI4
Mcu.IPNb=21
Mcu.Name=STM32F427I(G-I)Tx
Mcu.Package=LQFP176
Mcu.Pin0=PE2
Mcu.Pin1=PE3
Mcu.Pin10=PF0
Mcu.Pin100=PI5
Mcu.Pin101=PI6
Mcu.Pin102=PI7
Mcu.Pin103=VP_TIM1_VS_ClockSourceINT
Mcu.Pin104=VP_TIM3_VS_ClockSourceINT
Mcu.Pin105=VP_TIM4_VS_ClockSourceINT
Mcu.Pin106=VP_TIM5_VS_ClockSourceINT
Mcu.Pin107=VP_TIM6_VS_ClockSourceINT
Mcu.Pin108=VP_TIM8_VS_ClockSourceINT
Mcu.Pin11=PF1
Mcu.Pin12=PF2
Mcu.Pin13=PF3
Mcu.Pin14=PF4
Mcu.Pin15=PF5
Mcu.Pin16=PF6
Mcu.Pin17=PF7
Mcu.Pin18=PF8
Mcu.Pin19=PF9
Mcu.Pin2=PE4
Mcu.Pin20=PF10
Mcu.Pin21=PH0/OSC_IN
Mcu.Pin22=PH1/OSC_OUT
Mcu.Pin23=PC0
Mcu.Pin24=PC1
Mcu.Pin25=PA0/WKUP
Mcu.Pin26=PH2
Mcu.Pin27=PH3
Mcu.Pin28=PH4
Mcu.Pin29=PH5
Mcu.Pin3=PE5
Mcu.Pin30=PA3
Mcu.Pin31=PA4
Mcu.Pin32=PA5
Mcu.Pin33=PA6
Mcu.Pin34=PA7
Mcu.Pin35=PE9
Mcu.Pin36=PE11
Mcu.Pin37=PE13
Mcu.Pin38=PE14
Mcu.Pin39=PB10
Mcu.Pin4=PE6
Mcu.Pin40=PB11
Mcu.Pin41=PH7
Mcu.Pin42=PH8
Mcu.Pin43=PH10
Mcu.Pin44=PH11
Mcu.Pin45=PH12
Mcu.Pin46=PB12
Mcu.Pin47=PB13
Mcu.Pin48=PB14
Mcu.Pin49=PB15
Mcu.Pin5=PI8
Mcu.Pin50=PD8
Mcu.Pin51=PD9
Mcu.Pin52=PD10
Mcu.Pin53=PD11
Mcu.Pin54=PD12
Mcu.Pin55=PD13
Mcu.Pin56=PD14
Mcu.Pin57=PG2
Mcu.Pin58=PG3
Mcu.Pin59=PC6
Mcu.Pin6=PC13
Mcu.Pin60=PC7
Mcu.Pin61=PC8
Mcu.Pin62=PC9
Mcu.Pin63=PA9
Mcu.Pin64=PA10
Mcu.Pin65=PA11
Mcu.Pin66=PA12
Mcu.Pin67=PA13
Mcu.Pin68=PH13
Mcu.Pin69=PH14
Mcu.Pin7=PI9
Mcu.Pin70=PH15
Mcu.Pin71=PI1
Mcu.Pin72=PI3
Mcu.Pin73=PA14
Mcu.Pin74=PA15
Mcu.Pin75=PC10
Mcu.Pin76=PC11
Mcu.Pin77=PC12
Mcu.Pin78=PD0
Mcu.Pin79=PD1
Mcu.Pin8=PI10
Mcu.Pin80=PD2
Mcu.Pin81=PD3
Mcu.Pin82=PD4
Mcu.Pin83=PD5
Mcu.Pin84=PD7
Mcu.Pin85=PG9
Mcu.Pin86=PG10
Mcu.Pin87=PG11
Mcu.Pin88=PG12
Mcu.Pin89=PG13
Mcu.Pin9=PI11
Mcu.Pin90=PG14
Mcu.Pin91=PG15
Mcu.Pin92=PB3
Mcu.Pin93=PB4
Mcu.Pin94=PB5
Mcu.Pin95=PB8
Mcu.Pin96=PB9
Mcu.Pin97=PE0
Mcu.Pin98=PE1
Mcu.Pin99=PI4
Mcu.PinsNb=109
Mcu.UserName=STM32F427IGTx
NVIC.DMA1_Stream0_IRQn=true\:8\:0
NVIC.DMA1_Stream1_IRQn=true\:2\:0
NVIC.DMA1_Stream3_IRQn=true\:8\:0
NVIC.DMA1_Stream4_IRQn=true\:2\:0
NVIC.DMA1_Stream7_IRQn=true\:7\:0
NVIC.DMA2_Stream0_IRQn=true\:8\:0
NVIC.DMA2_Stream1_IRQn=true\:7\:0
NVIC.DMA2_Stream2_IRQn=true\:8\:0
NVIC.DMA2_Stream3_IRQn=true\:8\:0
NVIC.DMA2_Stream4_IRQn=true\:7\:0
NVIC.DMA2_Stream5_IRQn=true\:7\:0
NVIC.DMA2_Stream6_IRQn=true\:8\:0
NVIC.EXTI4_IRQn=true\:3\:0
NVIC.PriorityGroup=NVIC_PRIORITYGROUP_4
NVIC.SPI1_IRQn=true\:5\:0
NVIC.SPI2_IRQn=true\:5\:0
NVIC.SysTick_IRQn=true\:0\:0
PA0/WKUP.Mode=SYS-WakeUp
PA0/WKUP.Signal=SYS_WKUP
PA10.Mode=OTG/Dual_Role_Device
PA10.Signal=USB_OTG_FS_ID
PA11.Mode=OTG/Dual_Role_Device
PA11.Signal=USB_OTG_FS_DM
PA12.Mode=OTG/Dual_Role_Device
PA12.Signal=USB_OTG_FS_DP
PA13.Mode=JTAG(4-pin)
PA13.Signal=SYS_JTMS-SWDIO
PA14.Mode=JTAG(4-pin)
PA14.Signal=SYS_JTCK-SWCLK
PA15.Mode=JTAG(4-pin)
PA15.Signal=SYS_JTDI
PA3.GPIOParameters=GPIO_PuPd,GPIO_Mode
PA3.GPIO_Mode=GPIO_MODE_INPUT
PA3.GPIO_PuPd=GPIO_PULLDOWN
PA3.Locked=true
PA3.Signal=GPIO_Input
PA4.GPIOParameters=GPIO_PuPd,GPIO_Mode
PA4.GPIO_Mode=GPIO_MODE_INPUT
PA4.GPIO_PuPd=GPIO_PULLDOWN
PA4.Locked=true
PA4.Signal=GPIO_Input
PA5.GPIOParameters=GPIO_Speed,GPIO_PuPd,GPIO_Mode
PA5.GPIO_Mode=GPIO_MODE_AF_PP
PA5.GPIO_PuPd=GPIO_NOPULL
PA5.GPIO_Speed=GPIO_SPEED_MEDIUM
PA5.Mode=Full_Duplex_Master
PA5.Signal=SPI1_SCK
PA6.GPIOParameters=GPIO_Speed,GPIO_PuPd,GPIO_Mode
PA6.GPIO_Mode=GPIO_MODE_AF_PP
PA6.GPIO_PuPd=GPIO_NOPULL
PA6.GPIO_Speed=GPIO_SPEED_MEDIUM
PA6.Mode=Full_Duplex_Master
PA6.Signal=SPI1_MISO
PA7.GPIOParameters=GPIO_Speed,GPIO_PuPd,GPIO_Mode
PA7.GPIO_Mode=GPIO_MODE_AF_PP
PA7.GPIO_PuPd=GPIO_NOPULL
PA7.GPIO_Speed=GPIO_SPEED_MEDIUM
PA7.Mode=Full_Duplex_Master
PA7.Signal=SPI1_MOSI
PA9.Locked=true
PA9.Mode=Activate_VBUS
PA9.Signal=USB_OTG_FS_VBUS
PB10.Mode=Synchronous
PB10.Signal=USART3_TX
PB11.Mode=Synchronous
PB11.Signal=USART3_RX
PB12.Mode=Synchronous
PB12.Signal=USART3_CK
PB13.GPIOParameters=GPIO_Speed,GPIO_PuPd,GPIO_Mode
PB13.GPIO_Mode=GPIO_MODE_AF_PP
PB13.GPIO_PuPd=GPIO_NOPULL
PB13.GPIO_Speed=GPIO_SPEED_MEDIUM
PB13.Locked=true
PB13.Mode=Full_Duplex_Master
PB13.Signal=SPI2_SCK
PB14.GPIOParameters=GPIO_Speed,GPIO_PuPd,GPIO_Mode
PB14.GPIO_Mode=GPIO_MODE_AF_PP
PB14.GPIO_PuPd=GPIO_NOPULL
PB14.GPIO_Speed=GPIO_SPEED_MEDIUM
PB14.Locked=true
PB14.Mode=Full_Duplex_Master
PB14.Signal=SPI2_MISO
PB15.GPIOParameters=GPIO_Speed,GPIO_PuPd,GPIO_Mode
PB15.GPIO_Mode=GPIO_MODE_AF_PP
PB15.GPIO_PuPd=GPIO_NOPULL
PB15.GPIO_Speed=GPIO_SPEED_MEDIUM
PB15.Locked=true
PB15.Mode=Full_Duplex_Master
PB15.Signal=SPI2_MOSI
PB3.Mode=JTAG(4-pin)
PB3.Signal=SYS_JTDO-SWO
PB4.GPIOParameters=GPIO_ModeDefaultOutputPP,GPIO_Speed,GPIO_PuPd
PB4.GPIO_ModeDefaultOutputPP=GPIO_MODE_OUTPUT_OD
PB4.GPIO_PuPd=GPIO_PULLUP
PB4.GPIO_Speed=GPIO_SPEED_LOW
PB4.Locked=true
PB4.Signal=GPIO_Output
PB5.GPIOParameters=GPIO_ModeDefaultOutputPP,GPIO_Speed,GPIO_PuPd
PB5.GPIO_ModeDefaultOutputPP=GPIO_MODE_OUTPUT_OD
PB5.GPIO_PuPd=GPIO_PULLUP
PB5.GPIO_Speed=GPIO_SPEED_LOW
PB5.Locked=true
PB5.Signal=GPIO_Output
PB8.GPIOParameters=GPIO_ModeDefaultOutputPP,GPIO_Speed,GPIO_PuPd
PB8.GPIO_ModeDefaultOutputPP=GPIO_MODE_OUTPUT_OD
PB8.GPIO_PuPd=GPIO_PULLUP
PB8.GPIO_Speed=GPIO_SPEED_LOW
PB8.Locked=true
PB8.Signal=GPIO_Output
PB9.GPIOParameters=GPIO_ModeDefaultOutputPP,GPIO_Speed,GPIO_PuPd
PB9.GPIO_ModeDefaultOutputPP=GPIO_MODE_OUTPUT_OD
PB9.GPIO_PuPd=GPIO_PULLUP
PB9.GPIO_Speed=GPIO_SPEED_LOW
PB9.Locked=true
PB9.Signal=GPIO_Output
PC0.Signal=ADCx_IN10
PC1.Locked=true
PC1.Signal=GPIO_Input
PC10.GPIOParameters=GPIO_Speed,GPIO_PuPd,GPIO_Mode
PC10.GPIO_Mode=GPIO_MODE_AF_PP
PC10.GPIO_PuPd=GPIO_NOPULL
PC10.GPIO_Speed=GPIO_SPEED_MEDIUM
PC10.Mode=Full_Duplex_Master
PC10.Signal=SPI3_SCK
PC11.GPIOParameters=GPIO_Speed,GPIO_PuPd,GPIO_Mode
PC11.GPIO_Mode=GPIO_MODE_AF_PP
PC11.GPIO_PuPd=GPIO_NOPULL
PC11.GPIO_Speed=GPIO_SPEED_MEDIUM
PC11.Mode=Full_Duplex_Master
PC11.Signal=SPI3_MISO
PC12.GPIOParameters=GPIO_Speed,GPIO_PuPd,GPIO_Mode
PC12.GPIO_Mode=GPIO_MODE_AF_PP
PC12.GPIO_PuPd=GPIO_NOPULL
PC12.GPIO_Speed=GPIO_SPEED_MEDIUM
PC12.Mode=Full_Duplex_Master
PC12.Signal=SPI3_MOSI
PC13.GPIOParameters=GPIO_PuPd,GPIO_Mode
PC13.GPIO_Mode=GPIO_MODE_INPUT
PC13.GPIO_PuPd=GPIO_PULLDOWN
PC13.Locked=true
PC13.Signal=GPIO_Input
PC6.GPIOParameters=GPIO_Label,GPIO_Speed,GPIO_ModeDefaultPP,GPIO_PuPd
PC6.GPIO_Label=RGB_LED1_R
PC6.GPIO_ModeDefaultPP=GPIO_MODE_AF_OD
PC6.GPIO_PuPd=GPIO_PULLUP
PC6.GPIO_Speed=GPIO_SPEED_LOW
PC6.Signal=S_TIM3_CH1
PC7.GPIOParameters=GPIO_Label,GPIO_Speed,GPIO_ModeDefaultPP,GPIO_PuPd
PC7.GPIO_Label=RGB_LED1_G
PC7.GPIO_ModeDefaultPP=GPIO_MODE_AF_OD
PC7.GPIO_PuPd=GPIO_PULLUP
PC7.GPIO_Speed=GPIO_SPEED_LOW
PC7.Signal=S_TIM3_CH2
PC8.GPIOParameters=GPIO_Label,GPIO_Speed,GPIO_ModeDefaultPP,GPIO_PuPd
PC8.GPIO_Label=RGB_LED1_B
PC8.GPIO_ModeDefaultPP=GPIO_MODE_AF_OD
PC8.GPIO_PuPd=GPIO_PULLUP
PC8.GPIO_Speed=GPIO_SPEED_LOW
PC8.Locked=true
PC8.Signal=S_TIM3_CH3
PC9.GPIOParameters=GPIO_Label,GPIO_Speed,GPIO_ModeDefaultPP,GPIO_PuPd
PC9.GPIO_Label=USER_RED_LED
PC9.GPIO_ModeDefaultPP=GPIO_MODE_AF_OD
PC9.GPIO_PuPd=GPIO_PULLUP
PC9.GPIO_Speed=GPIO_SPEED_LOW
PC9.Locked=true
PC9.Signal=S_TIM3_CH4
PCC.Battery=LiIon_800mAh
PCC.Battery.Capacity=800.0
PCC.Battery.Compatibility=Yes
PCC.Battery.InParallel=1
PCC.Battery.InSeries=1
PCC.Battery.MaxContinuous=1000.0
PCC.Battery.MaxPulseCurrent=1300.0
PCC.Battery.NominalVoltage=3.7
PCC.Battery.SelfDischarge=1.0
PCC.Family=STM32F4
PCC.MCU=STM32F427I(G-I)Tx
PCC.MXVersion=4.3.1
PCC.PartNumber=STM32F427IGTx
PCC.Seq0=1
PCC.Seq0.Step0.Average_Current=139.53 mA
PCC.Seq0.Step0.CPU_Frequency=168.0 MHz
PCC.Seq0.Step0.DMIPS=210.0
PCC.Seq0.Step0.Duration=1 ms
PCC.Seq0.Step0.Frequency=4.0 MHz
PCC.Seq0.Step0.Memory=FLASH ART_OFF
PCC.Seq0.Step0.Mode=RUN
PCC.Seq0.Step0.Oscillator=HSE PLL_ON
PCC.Seq0.Step0.Peripherals=ADC1 DMA1 DMA2 GPIOA GPIOB GPIOC GPIOD GPIOE GPIOF GPIOG GPIOH GPIOI I2C2 I2C3 SPI1 SPI2 SPI3 SPI4 SPI5 SPI6 TIM1 TIM3 TIM4 TIM5 TIM8 USART2 USB_OTG_FS
PCC.Seq0.Step0.User's_Consumption=65 mA
PCC.Seq0.Step0.Vcore=Scale1-High
PCC.SubFamily=STM32F427/437
PCC.Temperature=25
PCC.Vdd=3.3
PD0.GPIOParameters=GPIO_ModeDefaultOutputPP,GPIO_Speed,GPIO_PuPd
PD0.GPIO_ModeDefaultOutputPP=GPIO_MODE_OUTPUT_OD
PD0.GPIO_PuPd=GPIO_PULLUP
PD0.GPIO_Speed=GPIO_SPEED_LOW
PD0.Locked=true
PD0.Signal=GPIO_Output
PD1.GPIOParameters=GPIO_ModeDefaultOutputPP,GPIO_Speed,GPIO_PuPd
PD1.GPIO_ModeDefaultOutputPP=GPIO_MODE_OUTPUT_OD
PD1.GPIO_PuPd=GPIO_PULLUP
PD1.GPIO_Speed=GPIO_SPEED_LOW
PD1.Locked=true
PD1.Signal=GPIO_Output
PD10.GPIOParameters=GPIO_PuPd,GPIO_Mode
PD10.GPIO_Mode=GPIO_MODE_INPUT
PD10.GPIO_PuPd=GPIO_PULLDOWN
PD10.Locked=true
PD10.Signal=GPIO_Input
PD11.GPIOParameters=GPIO_PuPd,GPIO_Mode
PD11.GPIO_Mode=GPIO_MODE_INPUT
PD11.GPIO_PuPd=GPIO_PULLDOWN
PD11.Locked=true
PD11.Signal=GPIO_Input
PD12.GPIOParameters=GPIO_Label,GPIO_Speed,GPIO_ModeDefaultPP,GPIO_PuPd
PD12.GPIO_Label=RGB_LED3_R
PD12.GPIO_ModeDefaultPP=GPIO_MODE_AF_OD
PD12.GPIO_PuPd=GPIO_PULLUP
PD12.GPIO_Speed=GPIO_SPEED_LOW
PD12.Signal=S_TIM4_CH1
PD13.GPIOParameters=GPIO_Label,GPIO_Speed,GPIO_ModeDefaultPP,GPIO_PuPd
PD13.GPIO_Label=RGB_LED3_G
PD13.GPIO_ModeDefaultPP=GPIO_MODE_AF_OD
PD13.GPIO_PuPd=GPIO_PULLUP
PD13.GPIO_Speed=GPIO_SPEED_LOW
PD13.Signal=S_TIM4_CH2
PD14.GPIOParameters=GPIO_Label,GPIO_Speed,GPIO_ModeDefaultPP,GPIO_PuPd
PD14.GPIO_Label=RGB_LED3_B
PD14.GPIO_ModeDefaultPP=GPIO_MODE_AF_OD
PD14.GPIO_PuPd=GPIO_PULLUP
PD14.GPIO_Speed=GPIO_SPEED_LOW
PD14.Signal=S_TIM4_CH3
PD2.GPIOParameters=GPIO_PuPd,GPIO_Mode
PD2.GPIO_Mode=GPIO_MODE_INPUT
PD2.GPIO_PuPd=GPIO_PULLDOWN
PD2.Locked=true
PD2.Signal=GPIO_Input
PD3.Locked=true
PD3.Signal=GPIO_Output
PD4.GPIOParameters=GPIO_ModeDefaultEXTI,GPIO_PuPd
PD4.GPIO_ModeDefaultEXTI=GPIO_MODE_IT_FALLING
PD4.GPIO_PuPd=GPIO_NOPULL
PD4.Locked=true
PD4.Signal=GPXTI4
PD5.Locked=true
PD5.Signal=GPIO_Output
PD7.GPIOParameters=GPIO_PuPd,GPIO_Mode
PD7.GPIO_Mode=GPIO_MODE_INPUT
PD7.GPIO_PuPd=GPIO_PULLDOWN
PD7.Locked=true
PD7.Signal=GPIO_Input
PD8.GPIOParameters=GPIO_ModeDefaultOutputPP,GPIO_Speed,GPIO_PuPd
PD8.GPIO_ModeDefaultOutputPP=GPIO_MODE_OUTPUT_OD
PD8.GPIO_PuPd=GPIO_PULLUP
PD8.GPIO_Speed=GPIO_SPEED_LOW
PD8.Locked=true
PD8.Signal=GPIO_Output
PD9.GPIOParameters=GPIO_ModeDefaultOutputPP,GPIO_Speed,GPIO_PuPd
PD9.GPIO_ModeDefaultOutputPP=GPIO_MODE_OUTPUT_OD
PD9.GPIO_PuPd=GPIO_PULLUP
PD9.GPIO_Speed=GPIO_SPEED_LOW
PD9.Locked=true
PD9.Signal=GPIO_Output
PE0.GPIOParameters=GPIO_PuPd,GPIO_Mode
PE0.GPIO_Mode=GPIO_MODE_INPUT
PE0.GPIO_PuPd=GPIO_PULLDOWN
PE0.Locked=true
PE0.Signal=GPIO_Input
PE1.GPIOParameters=GPIO_PuPd,GPIO_Mode
PE1.GPIO_Mode=GPIO_MODE_INPUT
PE1.GPIO_PuPd=GPIO_PULLDOWN
PE1.Locked=true
PE1.Signal=GPIO_Input
PE11.GPIOParameters=GPIO_Label,GPIO_Speed,GPIO_ModeDefaultPP,GPIO_PuPd
PE11.GPIO_Label=RGB_LED4_G
PE11.GPIO_ModeDefaultPP=GPIO_MODE_AF_OD
PE11.GPIO_PuPd=GPIO_PULLUP
PE11.GPIO_Speed=GPIO_SPEED_LOW
PE11.Signal=S_TIM1_CH2
PE13.GPIOParameters=GPIO_Label,GPIO_Speed,GPIO_ModeDefaultPP,GPIO_PuPd
PE13.GPIO_Label=RGB_LED4_B
PE13.GPIO_ModeDefaultPP=GPIO_MODE_AF_OD
PE13.GPIO_PuPd=GPIO_PULLUP
PE13.GPIO_Speed=GPIO_SPEED_LOW
PE13.Signal=S_TIM1_CH3
PE14.GPIOParameters=GPIO_Label,GPIO_Speed,GPIO_ModeDefaultPP,GPIO_PuPd
PE14.GPIO_Label=USER_BLUE_LED
PE14.GPIO_ModeDefaultPP=GPIO_MODE_AF_OD
PE14.GPIO_PuPd=GPIO_PULLUP
PE14.GPIO_Speed=GPIO_SPEED_LOW
PE14.Signal=S_TIM1_CH4
PE2.GPIOParameters=GPIO_Speed,GPIO_PuPd,GPIO_Mode
PE2.GPIO_Mode=GPIO_MODE_AF_PP
PE2.GPIO_PuPd=GPIO_NOPULL
PE2.GPIO_Speed=GPIO_SPEED_MEDIUM
PE2.Mode=Full_Duplex_Master
PE2.Signal=SPI4_SCK
PE3.GPIOParameters=GPIO_PuPd,GPIO_Mode
PE3.GPIO_Mode=GPIO_MODE_INPUT
PE3.GPIO_PuPd=GPIO_PULLDOWN
PE3.Locked=true
PE3.Signal=GPIO_Input
PE4.GPIOParameters=GPIO_PuPd,GPIO_Mode
PE4.GPIO_Mode=GPIO_MODE_INPUT
PE4.GPIO_PuPd=GPIO_PULLDOWN
PE4.Locked=true
PE4.Signal=GPIO_Input
PE5.GPIOParameters=GPIO_Speed,GPIO_PuPd,GPIO_Mode
PE5.GPIO_Mode=GPIO_MODE_AF_PP
PE5.GPIO_PuPd=GPIO_NOPULL
PE5.GPIO_Speed=GPIO_SPEED_MEDIUM
PE5.Mode=Full_Duplex_Master
PE5.Signal=SPI4_MISO
PE6.GPIOParameters=GPIO_Speed,GPIO_PuPd,GPIO_Mode
PE6.GPIO_Mode=GPIO_MODE_AF_PP
PE6.GPIO_PuPd=GPIO_NOPULL
PE6.GPIO_Speed=GPIO_SPEED_MEDIUM
PE6.Mode=Full_Duplex_Master
PE6.Signal=SPI4_MOSI
PE9.GPIOParameters=GPIO_Label,GPIO_Speed,GPIO_ModeDefaultPP,GPIO_PuPd
PE9.GPIO_Label=RGB_LED4_R
PE9.GPIO_ModeDefaultPP=GPIO_MODE_AF_OD
PE9.GPIO_PuPd=GPIO_PULLUP
PE9.GPIO_Speed=GPIO_SPEED_LOW
PE9.Signal=S_TIM1_CH1
PF0.Mode=I2C
PF0.Signal=I2C2_SDA
PF1.Mode=I2C
PF1.Signal=I2C2_SCL
PF10.GPIOParameters=GPIO_PuPd,GPIO_Mode
PF10.GPIO_Mode=GPIO_MODE_INPUT
PF10.GPIO_PuPd=GPIO_PULLDOWN
PF10.Locked=true
PF10.Signal=GPIO_Input
PF2.GPIOParameters=GPIO_ModeDefaultOutputPP,GPIO_Speed,GPIO_PuPd
PF2.GPIO_ModeDefaultOutputPP=GPIO_MODE_OUTPUT_OD
PF2.GPIO_PuPd=GPIO_PULLUP
PF2.GPIO_Speed=GPIO_SPEED_LOW
PF2.Locked=true
PF2.Signal=GPIO_Output
PF3.GPIOParameters=GPIO_ModeDefaultOutputPP,GPIO_Speed,GPIO_PuPd
PF3.GPIO_ModeDefaultOutputPP=GPIO_MODE_OUTPUT_OD
PF3.GPIO_PuPd=GPIO_PULLUP
PF3.GPIO_Speed=GPIO_SPEED_LOW
PF3.Locked=true
PF3.Signal=GPIO_Output
PF4.GPIOParameters=GPIO_PuPd,GPIO_Mode
PF4.GPIO_Mode=GPIO_MODE_INPUT
PF4.GPIO_PuPd=GPIO_PULLDOWN
PF4.Locked=true
PF4.Signal=GPIO_Input
PF5.GPIOParameters=GPIO_PuPd,GPIO_Mode
PF5.GPIO_Mode=GPIO_MODE_INPUT
PF5.GPIO_PuPd=GPIO_PULLDOWN
PF5.Locked=true
PF5.Signal=GPIO_Input
PF6.GPIOParameters=GPIO_PuPd,GPIO_Mode
PF6.GPIO_Mode=GPIO_MODE_INPUT
PF6.GPIO_PuPd=GPIO_PULLDOWN
PF6.Locked=true
PF6.Signal=GPIO_Input
PF7.GPIOParameters=GPIO_Speed,GPIO_PuPd,GPIO_Mode
PF7.GPIO_Mode=GPIO_MODE_AF_PP
PF7.GPIO_PuPd=GPIO_NOPULL
PF7.GPIO_Speed=GPIO_SPEED_MEDIUM
PF7.Mode=Full_Duplex_Master
PF7.Signal=SPI5_SCK
PF8.GPIOParameters=GPIO_Speed,GPIO_PuPd,GPIO_Mode
PF8.GPIO_Mode=GPIO_MODE_AF_PP
PF8.GPIO_PuPd=GPIO_NOPULL
PF8.GPIO_Speed=GPIO_SPEED_MEDIUM
PF8.Mode=Full_Duplex_Master
PF8.Signal=SPI5_MISO
PF9.GPIOParameters=GPIO_Speed,GPIO_PuPd,GPIO_Mode
PF9.GPIO_Mode=GPIO_MODE_AF_PP
PF9.GPIO_PuPd=GPIO_NOPULL
PF9.GPIO_Speed=GPIO_SPEED_MEDIUM
PF9.Mode=Full_Duplex_Master
PF9.Signal=SPI5_MOSI
PG10.GPIOParameters=GPIO_PuPd,GPIO_Mode
PG10.GPIO_Mode=GPIO_MODE_INPUT
PG10.GPIO_PuPd=GPIO_PULLDOWN
PG10.Locked=true
PG10.Signal=GPIO_Input
PG11.GPIOParameters=GPIO_PuPd,GPIO_Mode
PG11.GPIO_Mode=GPIO_MODE_INPUT
PG11.GPIO_PuPd=GPIO_PULLDOWN
PG11.Locked=true
PG11.Signal=GPIO_Input
PG12.GPIOParameters=GPIO_Speed,GPIO_PuPd,GPIO_Mode
PG12.GPIO_Mode=GPIO_MODE_AF_PP
PG12.GPIO_PuPd=GPIO_NOPULL
PG12.GPIO_Speed=GPIO_SPEED_MEDIUM
PG12.Mode=Full_Duplex_Master
PG12.Signal=SPI6_MISO
PG13.GPIOParameters=GPIO_Speed,GPIO_PuPd,GPIO_Mode
PG13.GPIO_Mode=GPIO_MODE_AF_PP
PG13.GPIO_PuPd=GPIO_NOPULL
PG13.GPIO_Speed=GPIO_SPEED_MEDIUM
PG13.Mode=Full_Duplex_Master
PG13.Signal=SPI6_SCK
PG14.GPIOParameters=GPIO_Speed,GPIO_PuPd,GPIO_Mode
PG14.GPIO_Mode=GPIO_MODE_AF_PP
PG14.GPIO_PuPd=GPIO_NOPULL
PG14.GPIO_Speed=GPIO_SPEED_MEDIUM
PG14.Mode=Full_Duplex_Master
PG14.Signal=SPI6_MOSI
PG15.GPIOParameters=GPIO_PuPd,GPIO_Mode
PG15.GPIO_Mode=GPIO_MODE_INPUT
PG15.GPIO_PuPd=GPIO_PULLUP
PG15.Locked=true
PG15.Signal=GPIO_Input
PG2.GPIOParameters=GPIO_PuPd,GPIO_Mode
PG2.GPIO_Mode=GPIO_MODE_INPUT
PG2.GPIO_PuPd=GPIO_PULLDOWN
PG2.Locked=true
PG2.Signal=GPIO_Input
PG3.GPIOParameters=GPIO_PuPd,GPIO_Mode
PG3.GPIO_Mode=GPIO_MODE_INPUT
PG3.GPIO_PuPd=GPIO_PULLDOWN
PG3.Locked=true
PG3.Signal=GPIO_Input
PG9.GPIOParameters=GPIO_PuPd,GPIO_Mode
PG9.GPIO_Mode=GPIO_MODE_INPUT
PG9.GPIO_PuPd=GPIO_PULLDOWN
PG9.Locked=true
PG9.Signal=GPIO_Input
PH0/OSC_IN.Mode=HSE-External-Oscillator
PH0/OSC_IN.Signal=RCC_OSC_IN
PH1/OSC_OUT.Mode=HSE-External-Oscillator
PH1/OSC_OUT.Signal=RCC_OSC_OUT
PH10.GPIOParameters=GPIO_Label,GPIO_Speed,GPIO_ModeDefaultPP,GPIO_PuPd
PH10.GPIO_Label=RGB_LED5_R
PH10.GPIO_ModeDefaultPP=GPIO_MODE_AF_OD
PH10.GPIO_PuPd=GPIO_PULLUP
PH10.GPIO_Speed=GPIO_SPEED_LOW
PH10.Signal=S_TIM5_CH1
PH11.GPIOParameters=GPIO_Label,GPIO_Speed,GPIO_ModeDefaultPP,GPIO_PuPd
PH11.GPIO_Label=RGB_LED5_G
PH11.GPIO_ModeDefaultPP=GPIO_MODE_AF_OD
PH11.GPIO_PuPd=GPIO_PULLUP
PH11.GPIO_Speed=GPIO_SPEED_LOW
PH11.Locked=true
PH11.Signal=S_TIM5_CH2
PH12.GPIOParameters=GPIO_Label,GPIO_Speed,GPIO_ModeDefaultPP,GPIO_PuPd
PH12.GPIO_Label=RGB_LED5_B
PH12.GPIO_ModeDefaultPP=GPIO_MODE_AF_OD
PH12.GPIO_PuPd=GPIO_PULLUP
PH12.GPIO_Speed=GPIO_SPEED_LOW
PH12.Locked=true
PH12.Signal=S_TIM5_CH3
PH13.GPIOParameters=GPIO_PuPd,GPIO_Mode
PH13.GPIO_Mode=GPIO_MODE_INPUT
PH13.GPIO_PuPd=GPIO_PULLDOWN
PH13.Locked=true
PH13.Signal=GPIO_Input
PH14.GPIOParameters=GPIO_PuPd,GPIO_Mode
PH14.GPIO_Mode=GPIO_MODE_INPUT
PH14.GPIO_PuPd=GPIO_PULLDOWN
PH14.Locked=true
PH14.Signal=GPIO_Input
PH15.GPIOParameters=GPIO_PuPd,GPIO_Mode
PH15.GPIO_Mode=GPIO_MODE_INPUT
PH15.GPIO_PuPd=GPIO_PULLDOWN
PH15.Locked=true
PH15.Signal=GPIO_Input
PH2.GPIOParameters=GPIO_ModeDefaultOutputPP,GPIO_Speed,GPIO_PuPd
PH2.GPIO_ModeDefaultOutputPP=GPIO_MODE_OUTPUT_OD
PH2.GPIO_PuPd=GPIO_PULLUP
PH2.GPIO_Speed=GPIO_SPEED_LOW
PH2.Locked=true
PH2.Signal=GPIO_Output
PH3.GPIOParameters=GPIO_ModeDefaultOutputPP,GPIO_Speed,GPIO_PuPd
PH3.GPIO_ModeDefaultOutputPP=GPIO_MODE_OUTPUT_OD
PH3.GPIO_PuPd=GPIO_PULLUP
PH3.GPIO_Speed=GPIO_SPEED_LOW
PH3.Locked=true
PH3.Signal=GPIO_Output
PH4.GPIOParameters=GPIO_PuPd,GPIO_Mode
PH4.GPIO_Mode=GPIO_MODE_INPUT
PH4.GPIO_PuPd=GPIO_PULLDOWN
PH4.Locked=true
PH4.Signal=GPIO_Input
PH5.GPIOParameters=GPIO_PuPd,GPIO_Mode
PH5.GPIO_Mode=GPIO_MODE_INPUT
PH5.GPIO_PuPd=GPIO_PULLDOWN
PH5.Locked=true
PH5.Signal=GPIO_Input
PH7.Mode=I2C
PH7.Signal=I2C3_SCL
PH8.Mode=I2C
PH8.Signal=I2C3_SDA
PI1.Locked=true
PI1.Signal=GPIO_Output
PI10.GPIOParameters=GPIO_ModeDefaultOutputPP,GPIO_Speed,GPIO_PuPd
PI10.GPIO_ModeDefaultOutputPP=GPIO_MODE_OUTPUT_OD
PI10.GPIO_PuPd=GPIO_PULLUP
PI10.GPIO_Speed=GPIO_SPEED_LOW
PI10.Locked=true
PI10.Signal=GPIO_Output
PI11.GPIOParameters=GPIO_ModeDefaultOutputPP,GPIO_Speed,GPIO_PuPd
PI11.GPIO_ModeDefaultOutputPP=GPIO_MODE_OUTPUT_OD
PI11.GPIO_PuPd=GPIO_PULLUP
PI11.GPIO_Speed=GPIO_SPEED_LOW
PI11.Locked=true
PI11.Signal=GPIO_Output
PI3.Locked=true
PI3.Signal=GPIO_Input
PI4.GPIOParameters=GPIO_PuPd,GPIO_Mode
PI4.GPIO_Mode=GPIO_MODE_INPUT
PI4.GPIO_PuPd=GPIO_PULLDOWN
PI4.Locked=true
PI4.Signal=GPIO_Input
PI5.GPIOParameters=GPIO_Speed,GPIO_ModeDefaultPP,GPIO_PuPd
PI5.GPIO_ModeDefaultPP=GPIO_MODE_AF_OD
PI5.GPIO_PuPd=GPIO_PULLUP
PI5.GPIO_Speed=GPIO_SPEED_LOW
PI5.Signal=S_TIM8_CH1
PI6.GPIOParameters=GPIO_Speed,GPIO_ModeDefaultPP,GPIO_PuPd
PI6.GPIO_ModeDefaultPP=GPIO_MODE_AF_OD
PI6.GPIO_PuPd=GPIO_PULLUP
PI6.GPIO_Speed=GPIO_SPEED_LOW
PI6.Signal=S_TIM8_CH2
PI7.GPIOParameters=GPIO_Speed,GPIO_ModeDefaultPP,GPIO_PuPd
PI7.GPIO_ModeDefaultPP=GPIO_MODE_AF_OD
PI7.GPIO_PuPd=GPIO_PULLUP
PI7.GPIO_Speed=GPIO_SPEED_LOW
PI7.Locked=true
PI7.Signal=S_TIM8_CH3
PI8.GPIOParameters=GPIO_PuPd,GPIO_Mode
PI8.GPIO_Mode=GPIO_MODE_INPUT
PI8.GPIO_PuPd=GPIO_PULLDOWN
PI8.Locked=true
PI8.Signal=GPIO_Input
PI9.GPIOParameters=GPIO_PuPd,GPIO_Mode
PI9.GPIO_Mode=GPIO_MODE_INPUT
PI9.GPIO_PuPd=GPIO_PULLDOWN
PI9.Locked=true
PI9.Signal=GPIO_Input
ProjectManager.AskForMigrate=true
ProjectManager.BackupPrevious=false
ProjectManager.CompilerOptimize=2
ProjectManager.ComputerToolchain=false
ProjectManager.CoupleFile=true
ProjectManager.DeletePrevious=true
ProjectManager.DeviceId=STM32F427IGTx
ProjectManager.FirmwarePackage=STM32Cube FW_F4 V1.3.0
ProjectManager.FreePins=true
ProjectManager.HalAssertFull=false
ProjectManager.KeepUserCode=true
ProjectManager.LastFirmware=true
ProjectManager.LibraryCopy=0
ProjectManager.ProjectBuild=false
ProjectManager.ProjectFileName=Configuration.ioc
ProjectManager.ProjectName=Configuration
ProjectManager.TargetToolchain=TrueSTUDIO 4.3.1
RCC.APB1CLKDivider=RCC_HCLK_DIV4
RCC.APB2CLKDivider=RCC_HCLK_DIV2
RCC.FamilyName=M
RCC.HSE_VALUE=25000000
RCC.HSI_VALUE=16000000
RCC.IPParameters=,FamilyName,APB2CLKDivider,LSE_VALUE,SYSCLKSource,APB1CLKDivider,VCOSAIOutputFreq_ValueR,PLLN,VcooutputI2SQ,VCOSAIOutputFreq_ValueQ,HSE_VALUE,HSI_VALUE,PLLQ,VcooutputI2S,LSI_VALUE,RCC_MCO1Source,RCC_MCODiv1
RCC.LSE_VALUE=32768
RCC.LSI_VALUE=32000
RCC.PLLN=336
RCC.PLLQ=7
RCC.RCC_MCO1Source=RCC_MCO1SOURCE_HSE
RCC.RCC_MCODiv1=RCC_MCODIV_5
RCC.SYSCLKSource=RCC_SYSCLKSOURCE_PLLCLK
RCC.VCOSAIOutputFreq_ValueQ=12250000
RCC.VCOSAIOutputFreq_ValueR=24500000
RCC.VcooutputI2S=96000000
RCC.VcooutputI2SQ=96000000
SH.ADCx_IN10.0=ADC1_IN10,IN10
SH.ADCx_IN10.ConfNb=1
SH.GPXTI4.0=GPIO_EXTI4
SH.GPXTI4.ConfNb=1
SH.S_TIM1_CH1.0=TIM1_CH1,PWM Generation1 CH1
SH.S_TIM1_CH1.ConfNb=1
SH.S_TIM1_CH2.0=TIM1_CH2,PWM Generation2 CH2
SH.S_TIM1_CH2.ConfNb=1
SH.S_TIM1_CH3.0=TIM1_CH3,PWM Generation3 CH3
SH.S_TIM1_CH3.ConfNb=1
SH.S_TIM1_CH4.0=TIM1_CH4,PWM Generation4 CH4
SH.S_TIM1_CH4.ConfNb=1
SH.S_TIM3_CH1.0=TIM3_CH1,PWM Generation1 CH1
SH.S_TIM3_CH1.ConfNb=1
SH.S_TIM3_CH2.0=TIM3_CH2,PWM Generation2 CH2
SH.S_TIM3_CH2.ConfNb=1
SH.S_TIM3_CH3.0=TIM3_CH3,PWM Generation3 CH3
SH.S_TIM3_CH3.ConfNb=1
SH.S_TIM3_CH4.0=TIM3_CH4,PWM Generation4 CH4
SH.S_TIM3_CH4.ConfNb=1
SH.S_TIM4_CH1.0=TIM4_CH1,PWM Generation1 CH1
SH.S_TIM4_CH1.ConfNb=1
SH.S_TIM4_CH2.0=TIM4_CH2,PWM Generation2 CH2
SH.S_TIM4_CH2.ConfNb=1
SH.S_TIM4_CH3.0=TIM4_CH3,PWM Generation3 CH3
SH.S_TIM4_CH3.ConfNb=1
SH.S_TIM5_CH1.0=TIM5_CH1,PWM Generation1 CH1
SH.S_TIM5_CH1.ConfNb=1
SH.S_TIM5_CH2.0=TIM5_CH2,PWM Generation2 CH2
SH.S_TIM5_CH2.ConfNb=1
SH.S_TIM5_CH3.0=TIM5_CH3,PWM Generation3 CH3
SH.S_TIM5_CH3.ConfNb=1
SH.S_TIM8_CH1.0=TIM8_CH1,PWM Generation1 CH1
SH.S_TIM8_CH1.ConfNb=1
SH.S_TIM8_CH2.0=TIM8_CH2,PWM Generation2 CH2
SH.S_TIM8_CH2.ConfNb=1
SH.S_TIM8_CH3.0=TIM8_CH3,PWM Generation3 CH3
SH.S_TIM8_CH3.ConfNb=1
SPI1.BaudRatePrescaler-Full_Duplex_Master=SPI_BAUDRATEPRESCALER_32
SPI1.CLKPhase-Full_Duplex_Master=SPI_PHASE_2EDGE
SPI1.CLKPolarity-Full_Duplex_Master=SPI_POLARITY_HIGH
SPI1.CalculateBaudRate-Full_Duplex_Master=2.625 MBits/s
SPI1.IPParameters=CalculateBaudRate-Full_Duplex_Master,BaudRatePrescaler-Full_Duplex_Master,CLKPolarity-Full_Duplex_Master,Mode-Full_Duplex_Master,CLKPhase-Full_Duplex_Master
SPI1.Mode-Full_Duplex_Master=SPI_MODE_MASTER
SPI2.BaudRatePrescaler-Full_Duplex_Master=SPI_BAUDRATEPRESCALER_16
SPI2.CLKPhase-Full_Duplex_Master=SPI_PHASE_2EDGE
SPI2.CLKPolarity-Full_Duplex_Master=SPI_POLARITY_HIGH
SPI2.CalculateBaudRate-Full_Duplex_Master=2.625 MBits/s
SPI2.IPParameters=CalculateBaudRate-Full_Duplex_Master,BaudRatePrescaler-Full_Duplex_Master,CLKPolarity-Full_Duplex_Master,Mode-Full_Duplex_Master,CLKPhase-Full_Duplex_Master
SPI2.Mode-Full_Duplex_Master=SPI_MODE_MASTER
SPI3.BaudRatePrescaler-Full_Duplex_Master=SPI_BAUDRATEPRESCALER_16
SPI3.CLKPhase-Full_Duplex_Master=SPI_PHASE_2EDGE
SPI3.CLKPolarity-Full_Duplex_Master=SPI_POLARITY_HIGH
SPI3.CalculateBaudRate-Full_Duplex_Master=2.625 MBits/s
SPI3.IPParameters=CalculateBaudRate-Full_Duplex_Master,BaudRatePrescaler-Full_Duplex_Master,CLKPolarity-Full_Duplex_Master,Mode-Full_Duplex_Master,CLKPhase-Full_Duplex_Master
SPI3.Mode-Full_Duplex_Master=SPI_MODE_MASTER
SPI4.BaudRatePrescaler-Full_Duplex_Master=SPI_BAUDRATEPRESCALER_32
SPI4.CLKPhase-Full_Duplex_Master=SPI_PHASE_2EDGE
SPI4.CLKPolarity-Full_Duplex_Master=SPI_POLARITY_HIGH
SPI4.CalculateBaudRate-Full_Duplex_Master=2.625 MBits/s
SPI4.IPParameters=CalculateBaudRate-Full_Duplex_Master,BaudRatePrescaler-Full_Duplex_Master,CLKPolarity-Full_Duplex_Master,Mode-Full_Duplex_Master,CLKPhase-Full_Duplex_Master
SPI4.Mode-Full_Duplex_Master=SPI_MODE_MASTER
SPI5.BaudRatePrescaler-Full_Duplex_Master=SPI_BAUDRATEPRESCALER_32
SPI5.CLKPhase-Full_Duplex_Master=SPI_PHASE_2EDGE
SPI5.CLKPolarity-Full_Duplex_Master=SPI_POLARITY_HIGH
SPI5.CalculateBaudRate-Full_Duplex_Master=2.625 MBits/s
SPI5.IPParameters=CalculateBaudRate-Full_Duplex_Master,BaudRatePrescaler-Full_Duplex_Master,CLKPolarity-Full_Duplex_Master,Mode-Full_Duplex_Master,CLKPhase-Full_Duplex_Master
SPI5.Mode-Full_Duplex_Master=SPI_MODE_MASTER
SPI6.BaudRatePrescaler-Full_Duplex_Master=SPI_BAUDRATEPRESCALER_32
SPI6.CLKPhase-Full_Duplex_Master=SPI_PHASE_2EDGE
SPI6.CLKPolarity-Full_Duplex_Master=SPI_POLARITY_HIGH
SPI6.CalculateBaudRate-Full_Duplex_Master=2.625 MBits/s
SPI6.IPParameters=CalculateBaudRate-Full_Duplex_Master,BaudRatePrescaler-Full_Duplex_Master,CLKPolarity-Full_Duplex_Master,Mode-Full_Duplex_Master,CLKPhase-Full_Duplex_Master
SPI6.Mode-Full_Duplex_Master=SPI_MODE_MASTER
TIM1.AutomaticOutput=TIM_AUTOMATICOUTPUT_DISABLE
TIM1.BreakPolarity=TIM_BREAKPOLARITY_LOW
TIM1.BreakState=TIM_BREAK_DISABLE
TIM1.Channel-PWM\ Generation2\ CH2=TIM_CHANNEL_2
TIM1.Channel-PWM\ Generation3\ CH3=TIM_CHANNEL_3
TIM1.Channel-PWM\ Generation4\ CH4=TIM_CHANNEL_4
TIM1.ClockDivision=TIM_CLOCKDIVISION_DIV4
TIM1.IPParameters=Pulse-PWM Generation1 CH1,OffStateIDLEMode,OCIdleState_1-PWM Generation1 CH1,TIM_MasterSlaveMode,Period,Prescaler,OffStateRunMode,Channel-PWM Generation4 CH4,BreakPolarity,AutomaticOutput,OCPolarity_4-PWM Generation4 CH4,BreakState,TIM_MasterOutputTrigger,OCPolarity_2-PWM Generation2 CH2,Pulse-PWM Generation4 CH4,Pulse-PWM Generation3 CH3,ClockDivision,OCIdleState_3-PWM Generation3 CH3,Channel-PWM Generation2 CH2,Channel-PWM Generation3 CH3,OCPolarity_1-PWM Generation1 CH1,OCPolarity_3-PWM Generation3 CH3,OCIdleState_4-PWM Generation4 CH4,Pulse-PWM Generation2 CH2,OCIdleState_2-PWM Generation2 CH2
TIM1.OCIdleState_1-PWM\ Generation1\ CH1=TIM_OCIDLESTATE_SET
TIM1.OCIdleState_2-PWM\ Generation2\ CH2=TIM_OCIDLESTATE_SET
TIM1.OCIdleState_3-PWM\ Generation3\ CH3=TIM_OCIDLESTATE_SET
TIM1.OCIdleState_4-PWM\ Generation4\ CH4=TIM_OCIDLESTATE_SET
TIM1.OCPolarity_1-PWM\ Generation1\ CH1=TIM_OCPOLARITY_LOW
TIM1.OCPolarity_2-PWM\ Generation2\ CH2=TIM_OCPOLARITY_LOW
TIM1.OCPolarity_3-PWM\ Generation3\ CH3=TIM_OCPOLARITY_LOW
TIM1.OCPolarity_4-PWM\ Generation4\ CH4=TIM_OCPOLARITY_LOW
TIM1.OffStateIDLEMode=TIM_OSSI_DISABLE
TIM1.OffStateRunMode=TIM_OSSR_DISABLE
TIM1.Period=1000
TIM1.Prescaler=2000
TIM1.Pulse-PWM\ Generation1\ CH1=250
TIM1.Pulse-PWM\ Generation2\ CH2=250
TIM1.Pulse-PWM\ Generation3\ CH3=250
TIM1.Pulse-PWM\ Generation4\ CH4=250
TIM1.TIM_MasterOutputTrigger=TIM_TRGO_RESET
TIM1.TIM_MasterSlaveMode=TIM_MASTERSLAVEMODE_DISABLE
TIM3.Channel-PWM\ Generation2\ CH2=TIM_CHANNEL_2
TIM3.Channel-PWM\ Generation3\ CH3=TIM_CHANNEL_3
TIM3.Channel-PWM\ Generation4\ CH4=TIM_CHANNEL_4
TIM3.ClockDivision=TIM_CLOCKDIVISION_DIV4
TIM3.IPParameters=Pulse-PWM Generation1 CH1,Period,Prescaler,Channel-PWM Generation4 CH4,OCPolarity_4-PWM Generation4 CH4,OCPolarity_2-PWM Generation2 CH2,Pulse-PWM Generation4 CH4,Channel-PWM Generation2 CH2,Pulse-PWM Generation3 CH3,ClockDivision,Channel-PWM Generation3 CH3,OCPolarity_1-PWM Generation1 CH1,OCPolarity_3-PWM Generation3 CH3,Pulse-PWM Generation2 CH2
TIM3.OCPolarity_1-PWM\ Generation1\ CH1=TIM_OCPOLARITY_LOW
TIM3.OCPolarity_2-PWM\ Generation2\ CH2=TIM_OCPOLARITY_LOW
TIM3.OCPolarity_3-PWM\ Generation3\ CH3=TIM_OCPOLARITY_LOW
TIM3.OCPolarity_4-PWM\ Generation4\ CH4=TIM_OCPOLARITY_LOW
TIM3.Period=1000
TIM3.Prescaler=1000
TIM3.Pulse-PWM\ Generation1\ CH1=500
TIM3.Pulse-PWM\ Generation2\ CH2=500
TIM3.Pulse-PWM\ Generation3\ CH3=500
TIM3.Pulse-PWM\ Generation4\ CH4=500
TIM4.Channel-PWM\ Generation2\ CH2=TIM_CHANNEL_2
TIM4.Channel-PWM\ Generation3\ CH3=TIM_CHANNEL_3
TIM4.ClockDivision=TIM_CLOCKDIVISION_DIV4
TIM4.IPParameters=Pulse-PWM Generation1 CH1,Period,Prescaler,OCPolarity_2-PWM Generation2 CH2,Channel-PWM Generation2 CH2,Pulse-PWM Generation3 CH3,ClockDivision,Channel-PWM Generation3 CH3,OCPolarity_1-PWM Generation1 CH1,OCPolarity_3-PWM Generation3 CH3,Pulse-PWM Generation2 CH2
TIM4.OCPolarity_1-PWM\ Generation1\ CH1=TIM_OCPOLARITY_LOW
TIM4.OCPolarity_2-PWM\ Generation2\ CH2=TIM_OCPOLARITY_LOW
TIM4.OCPolarity_3-PWM\ Generation3\ CH3=TIM_OCPOLARITY_LOW
TIM4.Period=1000
TIM4.Prescaler=1000
TIM4.Pulse-PWM\ Generation1\ CH1=500
TIM4.Pulse-PWM\ Generation2\ CH2=500
TIM4.Pulse-PWM\ Generation3\ CH3=500
TIM5.Channel-PWM\ Generation2\ CH2=TIM_CHANNEL_2
TIM5.Channel-PWM\ Generation3\ CH3=TIM_CHANNEL_3
TIM5.ClockDivision=TIM_CLOCKDIVISION_DIV4
TIM5.IPParameters=Pulse-PWM Generation1 CH1,Period,Prescaler,OCPolarity_2-PWM Generation2 CH2,Channel-PWM Generation2 CH2,Pulse-PWM Generation3 CH3,ClockDivision,Channel-PWM Generation3 CH3,OCPolarity_1-PWM Generation1 CH1,OCPolarity_3-PWM Generation3 CH3,Pulse-PWM Generation2 CH2
TIM5.OCPolarity_1-PWM\ Generation1\ CH1=TIM_OCPOLARITY_LOW
TIM5.OCPolarity_2-PWM\ Generation2\ CH2=TIM_OCPOLARITY_LOW
TIM5.OCPolarity_3-PWM\ Generation3\ CH3=TIM_OCPOLARITY_LOW
TIM5.Period=1000
TIM5.Prescaler=1000
TIM5.Pulse-PWM\ Generation1\ CH1=500
TIM5.Pulse-PWM\ Generation2\ CH2=500
TIM5.Pulse-PWM\ Generation3\ CH3=500
TIM6.IPParameters=Prescaler
TIM6.Prescaler=42
TIM8.Channel-PWM\ Generation2\ CH2=TIM_CHANNEL_2
TIM8.Channel-PWM\ Generation3\ CH3=TIM_CHANNEL_3
TIM8.ClockDivision=TIM_CLOCKDIVISION_DIV4
TIM8.IPParameters=Pulse-PWM Generation1 CH1,OCIdleState_1-PWM Generation1 CH1,Period,Prescaler,OCPolarity_2-PWM Generation2 CH2,Pulse-PWM Generation3 CH3,ClockDivision,Channel-PWM Generation2 CH2,OCIdleState_3-PWM Generation3 CH3,Channel-PWM Generation3 CH3,OCPolarity_1-PWM Generation1 CH1,OCPolarity_3-PWM Generation3 CH3,Pulse-PWM Generation2 CH2,OCIdleState_2-PWM Generation2 CH2
TIM8.OCIdleState_1-PWM\ Generation1\ CH1=TIM_OCIDLESTATE_SET
TIM8.OCIdleState_2-PWM\ Generation2\ CH2=TIM_OCIDLESTATE_SET
TIM8.OCIdleState_3-PWM\ Generation3\ CH3=TIM_OCIDLESTATE_SET
TIM8.OCPolarity_1-PWM\ Generation1\ CH1=TIM_OCPOLARITY_LOW
TIM8.OCPolarity_2-PWM\ Generation2\ CH2=TIM_OCPOLARITY_LOW
TIM8.OCPolarity_3-PWM\ Generation3\ CH3=TIM_OCPOLARITY_LOW
TIM8.Period=1000
TIM8.Prescaler=1000
TIM8.Pulse-PWM\ Generation1\ CH1=500
TIM8.Pulse-PWM\ Generation2\ CH2=500
TIM8.Pulse-PWM\ Generation3\ CH3=500
USART3.BaudRate-Synchronous=1750000
USART3.CLKLastBit-Synchronous=USART_LASTBIT_ENABLE
USART3.CLKPhase-Synchronous=USART_PHASE_2EDGE
USART3.IPParameters=VirtualMode-Synchronous,CLKPhase-Synchronous,CLKLastBit-Synchronous,BaudRate-Synchronous
USART3.VirtualMode-Synchronous=VM_SYNC
VP_TIM1_VS_ClockSourceINT.Mode=Internal
VP_TIM1_VS_ClockSourceINT.Signal=TIM1_VS_ClockSourceINT
VP_TIM3_VS_ClockSourceINT.Mode=Internal
VP_TIM3_VS_ClockSourceINT.Signal=TIM3_VS_ClockSourceINT
VP_TIM4_VS_ClockSourceINT.Mode=Internal
VP_TIM4_VS_ClockSourceINT.Signal=TIM4_VS_ClockSourceINT
VP_TIM5_VS_ClockSourceINT.Mode=Internal
VP_TIM5_VS_ClockSourceINT.Signal=TIM5_VS_ClockSourceINT
VP_TIM6_VS_ClockSourceINT.Mode=Enable_Timer
VP_TIM6_VS_ClockSourceINT.Signal=TIM6_VS_ClockSourceINT
VP_TIM8_VS_ClockSourceINT.Mode=Internal
VP_TIM8_VS_ClockSourceINT.Signal=TIM8_VS_ClockSourceINT
